// !$*UTF8*$!
{
	archiveVersion = 1;
	classes = {
	};
	objectVersion = 46;
	objects = {

/* Begin PBXBuildFile section */
		1D9B431A1B6A92ED008F7F18 /* Operations.framework in Frameworks */ = {isa = PBXBuildFile; fileRef = 1D9B430E1B6A92ED008F7F18 /* Operations.framework */; };
		1D9B434B1B6A934A008F7F18 /* Operation.swift in Sources */ = {isa = PBXBuildFile; fileRef = 1D9B432C1B6A934A008F7F18 /* Operation.swift */; };
		1D9B434C1B6A934A008F7F18 /* BlockOperation.swift in Sources */ = {isa = PBXBuildFile; fileRef = 1D9B432D1B6A934A008F7F18 /* BlockOperation.swift */; };
		1D9B434D1B6A934A008F7F18 /* GroupOperation.swift in Sources */ = {isa = PBXBuildFile; fileRef = 1D9B432E1B6A934A008F7F18 /* GroupOperation.swift */; };
		1D9B434E1B6A934A008F7F18 /* URLSessionTaskOperation.swift in Sources */ = {isa = PBXBuildFile; fileRef = 1D9B432F1B6A934A008F7F18 /* URLSessionTaskOperation.swift */; };
		1D9B434F1B6A934A008F7F18 /* LocationOperation.swift in Sources */ = {isa = PBXBuildFile; fileRef = 1D9B43301B6A934A008F7F18 /* LocationOperation.swift */; };
		1D9B43501B6A934A008F7F18 /* DelayOperation.swift in Sources */ = {isa = PBXBuildFile; fileRef = 1D9B43311B6A934A008F7F18 /* DelayOperation.swift */; };
		1D9B43511B6A934A008F7F18 /* OperationObserver.swift in Sources */ = {isa = PBXBuildFile; fileRef = 1D9B43321B6A934A008F7F18 /* OperationObserver.swift */; };
		1D9B43521B6A934A008F7F18 /* BlockObserver.swift in Sources */ = {isa = PBXBuildFile; fileRef = 1D9B43331B6A934A008F7F18 /* BlockObserver.swift */; };
		1D9B43531B6A934A008F7F18 /* TimeoutObserver.swift in Sources */ = {isa = PBXBuildFile; fileRef = 1D9B43341B6A934A008F7F18 /* TimeoutObserver.swift */; };
		1D9B43541B6A934A008F7F18 /* OperationErrors.swift in Sources */ = {isa = PBXBuildFile; fileRef = 1D9B43351B6A934A008F7F18 /* OperationErrors.swift */; };
		1D9B43551B6A934A008F7F18 /* OperationCondition.swift in Sources */ = {isa = PBXBuildFile; fileRef = 1D9B43361B6A934A008F7F18 /* OperationCondition.swift */; };
		1D9B43561B6A934A008F7F18 /* SilentCondition.swift in Sources */ = {isa = PBXBuildFile; fileRef = 1D9B43371B6A934A008F7F18 /* SilentCondition.swift */; };
		1D9B43571B6A934A008F7F18 /* NegatedCondition.swift in Sources */ = {isa = PBXBuildFile; fileRef = 1D9B43381B6A934A008F7F18 /* NegatedCondition.swift */; };
		1D9B43581B6A934A008F7F18 /* NoCancelledDependencies.swift in Sources */ = {isa = PBXBuildFile; fileRef = 1D9B43391B6A934A008F7F18 /* NoCancelledDependencies.swift */; };
		1D9B43591B6A934A008F7F18 /* MutuallyExclusive.swift in Sources */ = {isa = PBXBuildFile; fileRef = 1D9B433A1B6A934A008F7F18 /* MutuallyExclusive.swift */; };
		1D9B435A1B6A934A008F7F18 /* ReachabilityCondition.swift in Sources */ = {isa = PBXBuildFile; fileRef = 1D9B433B1B6A934A008F7F18 /* ReachabilityCondition.swift */; };
		1D9B43631B6A934A008F7F18 /* Dictionary+Operations.swift in Sources */ = {isa = PBXBuildFile; fileRef = 1D9B43441B6A934A008F7F18 /* Dictionary+Operations.swift */; };
		1D9B43641B6A934A008F7F18 /* NSOperation+Operations.swift in Sources */ = {isa = PBXBuildFile; fileRef = 1D9B43451B6A934A008F7F18 /* NSOperation+Operations.swift */; };
		1D9B43661B6A934A008F7F18 /* UIUserNotifications+Operations.swift in Sources */ = {isa = PBXBuildFile; fileRef = 1D9B43471B6A934A008F7F18 /* UIUserNotifications+Operations.swift */; };
		55AE64C41BC172ED0097F4A5 /* Capability.swift in Sources */ = {isa = PBXBuildFile; fileRef = 55AE64C31BC172ED0097F4A5 /* Capability.swift */; };
		55AE64C71BC173100097F4A5 /* CalendarCapability.swift in Sources */ = {isa = PBXBuildFile; fileRef = 55AE64C61BC173100097F4A5 /* CalendarCapability.swift */; };
		55AE64C91BC1732D0097F4A5 /* PhotosCapability.swift in Sources */ = {isa = PBXBuildFile; fileRef = 55AE64C81BC1732D0097F4A5 /* PhotosCapability.swift */; };
		55AE64CF1BC175190097F4A5 /* iCloudContainerCapability.swift in Sources */ = {isa = PBXBuildFile; fileRef = 55AE64CE1BC175190097F4A5 /* iCloudContainerCapability.swift */; };
		55AE64DA1BC1C7430097F4A5 /* PushCapability-iOS.swift in Sources */ = {isa = PBXBuildFile; fileRef = 55AE64D91BC1C7430097F4A5 /* PushCapability-iOS.swift */; };
		55AE64DE1BC1DCF50097F4A5 /* UserNotificationCapability.swift in Sources */ = {isa = PBXBuildFile; fileRef = 55AE64DD1BC1DCF50097F4A5 /* UserNotificationCapability.swift */; };
		61E1A7B71CEED31A00728D95 /* LocationCapability-iOS.swift in Sources */ = {isa = PBXBuildFile; fileRef = 55AE64CC1BC1738D0097F4A5 /* LocationCapability-iOS.swift */; };
		61E1A7D31CEEE0EF00728D95 /* PassbookCapability.swift in Sources */ = {isa = PBXBuildFile; fileRef = 55AE64CA1BC173560097F4A5 /* PassbookCapability.swift */; };
		61E1A7E81CEEE45800728D95 /* OperationsHealthExtras-Info.plist in Resources */ = {isa = PBXBuildFile; fileRef = 61E1A7E61CEEE45800728D95 /* OperationsHealthExtras-Info.plist */; };
		61E1A7EA1CEEE46000728D95 /* OperationsHealthExtras.h in Headers */ = {isa = PBXBuildFile; fileRef = 61E1A7E71CEEE45800728D95 /* OperationsHealthExtras.h */; settings = {ATTRIBUTES = (Public, ); }; };
		61E1A7EE1CEEE47D00728D95 /* OperationsPassbookExtras-Info.plist in Resources */ = {isa = PBXBuildFile; fileRef = 61E1A7EC1CEEE47D00728D95 /* OperationsPassbookExtras-Info.plist */; };
		61E1A7F01CEEE48400728D95 /* OperationsPassbookExtras.h in Headers */ = {isa = PBXBuildFile; fileRef = 61E1A7ED1CEEE47D00728D95 /* OperationsPassbookExtras.h */; settings = {ATTRIBUTES = (Public, ); }; };
		61E1A7F21CEEE57000728D95 /* HealthCapability.swift in Sources */ = {isa = PBXBuildFile; fileRef = 55AE64D51BC19E330097F4A5 /* HealthCapability.swift */; };
		61E1A7FA1CF0042200728D95 /* OperationQueue.swift in Sources */ = {isa = PBXBuildFile; fileRef = 61E1A7F91CF0042200728D95 /* OperationQueue.swift */; };
		61E1A7FF1CF0043200728D95 /* ExclusivityController.swift in Sources */ = {isa = PBXBuildFile; fileRef = 61E1A7FE1CF0043200728D95 /* ExclusivityController.swift */; };
		61E1A80C1CF0065500728D95 /* Operations.h in Headers */ = {isa = PBXBuildFile; fileRef = 1D9B43131B6A92ED008F7F18 /* Operations.h */; settings = {ATTRIBUTES = (Public, ); }; };
		61E1A8421CF0273D00728D95 /* OperationQueue.swift in Sources */ = {isa = PBXBuildFile; fileRef = 61E1A7F91CF0042200728D95 /* OperationQueue.swift */; };
		61E1A8431CF0273E00728D95 /* OperationQueue.swift in Sources */ = {isa = PBXBuildFile; fileRef = 61E1A7F91CF0042200728D95 /* OperationQueue.swift */; };
		61E1A8441CF0273F00728D95 /* OperationQueue.swift in Sources */ = {isa = PBXBuildFile; fileRef = 61E1A7F91CF0042200728D95 /* OperationQueue.swift */; };
		61E1A8451CF0274200728D95 /* ExclusivityController.swift in Sources */ = {isa = PBXBuildFile; fileRef = 61E1A7FE1CF0043200728D95 /* ExclusivityController.swift */; };
		61E1A8461CF0274300728D95 /* ExclusivityController.swift in Sources */ = {isa = PBXBuildFile; fileRef = 61E1A7FE1CF0043200728D95 /* ExclusivityController.swift */; };
		61E1A8471CF0274300728D95 /* ExclusivityController.swift in Sources */ = {isa = PBXBuildFile; fileRef = 61E1A7FE1CF0043200728D95 /* ExclusivityController.swift */; };
		61E1A8481CF0274600728D95 /* Operation.swift in Sources */ = {isa = PBXBuildFile; fileRef = 1D9B432C1B6A934A008F7F18 /* Operation.swift */; };
		61E1A8491CF0274700728D95 /* Operation.swift in Sources */ = {isa = PBXBuildFile; fileRef = 1D9B432C1B6A934A008F7F18 /* Operation.swift */; };
		61E1A84A1CF0274700728D95 /* Operation.swift in Sources */ = {isa = PBXBuildFile; fileRef = 1D9B432C1B6A934A008F7F18 /* Operation.swift */; };
		61E1A84B1CF0274B00728D95 /* BlockOperation.swift in Sources */ = {isa = PBXBuildFile; fileRef = 1D9B432D1B6A934A008F7F18 /* BlockOperation.swift */; };
		61E1A84C1CF0274B00728D95 /* BlockOperation.swift in Sources */ = {isa = PBXBuildFile; fileRef = 1D9B432D1B6A934A008F7F18 /* BlockOperation.swift */; };
		61E1A84D1CF0274C00728D95 /* BlockOperation.swift in Sources */ = {isa = PBXBuildFile; fileRef = 1D9B432D1B6A934A008F7F18 /* BlockOperation.swift */; };
		61E1A84E1CF0275000728D95 /* GroupOperation.swift in Sources */ = {isa = PBXBuildFile; fileRef = 1D9B432E1B6A934A008F7F18 /* GroupOperation.swift */; };
		61E1A84F1CF0275000728D95 /* GroupOperation.swift in Sources */ = {isa = PBXBuildFile; fileRef = 1D9B432E1B6A934A008F7F18 /* GroupOperation.swift */; };
		61E1A8501CF0275100728D95 /* GroupOperation.swift in Sources */ = {isa = PBXBuildFile; fileRef = 1D9B432E1B6A934A008F7F18 /* GroupOperation.swift */; };
		61E1A8511CF0275600728D95 /* URLSessionTaskOperation.swift in Sources */ = {isa = PBXBuildFile; fileRef = 1D9B432F1B6A934A008F7F18 /* URLSessionTaskOperation.swift */; };
		61E1A8521CF0275700728D95 /* URLSessionTaskOperation.swift in Sources */ = {isa = PBXBuildFile; fileRef = 1D9B432F1B6A934A008F7F18 /* URLSessionTaskOperation.swift */; };
		61E1A8531CF0275800728D95 /* URLSessionTaskOperation.swift in Sources */ = {isa = PBXBuildFile; fileRef = 1D9B432F1B6A934A008F7F18 /* URLSessionTaskOperation.swift */; };
		61E1A8541CF0275A00728D95 /* LocationOperation.swift in Sources */ = {isa = PBXBuildFile; fileRef = 1D9B43301B6A934A008F7F18 /* LocationOperation.swift */; };
		61E1A8551CF0275B00728D95 /* LocationOperation.swift in Sources */ = {isa = PBXBuildFile; fileRef = 1D9B43301B6A934A008F7F18 /* LocationOperation.swift */; };
		61E1A8561CF0275C00728D95 /* LocationOperation.swift in Sources */ = {isa = PBXBuildFile; fileRef = 1D9B43301B6A934A008F7F18 /* LocationOperation.swift */; };
		61E1A8571CF0275F00728D95 /* DelayOperation.swift in Sources */ = {isa = PBXBuildFile; fileRef = 1D9B43311B6A934A008F7F18 /* DelayOperation.swift */; };
		61E1A8581CF0276100728D95 /* DelayOperation.swift in Sources */ = {isa = PBXBuildFile; fileRef = 1D9B43311B6A934A008F7F18 /* DelayOperation.swift */; };
		61E1A8591CF0276100728D95 /* DelayOperation.swift in Sources */ = {isa = PBXBuildFile; fileRef = 1D9B43311B6A934A008F7F18 /* DelayOperation.swift */; };
		61E1A85A1CF0276500728D95 /* OperationObserver.swift in Sources */ = {isa = PBXBuildFile; fileRef = 1D9B43321B6A934A008F7F18 /* OperationObserver.swift */; };
		61E1A85B1CF0276600728D95 /* OperationObserver.swift in Sources */ = {isa = PBXBuildFile; fileRef = 1D9B43321B6A934A008F7F18 /* OperationObserver.swift */; };
		61E1A85C1CF0276700728D95 /* OperationObserver.swift in Sources */ = {isa = PBXBuildFile; fileRef = 1D9B43321B6A934A008F7F18 /* OperationObserver.swift */; };
		61E1A85D1CF0276B00728D95 /* BlockObserver.swift in Sources */ = {isa = PBXBuildFile; fileRef = 1D9B43331B6A934A008F7F18 /* BlockObserver.swift */; };
		61E1A85E1CF0276C00728D95 /* BlockObserver.swift in Sources */ = {isa = PBXBuildFile; fileRef = 1D9B43331B6A934A008F7F18 /* BlockObserver.swift */; };
		61E1A85F1CF0276C00728D95 /* BlockObserver.swift in Sources */ = {isa = PBXBuildFile; fileRef = 1D9B43331B6A934A008F7F18 /* BlockObserver.swift */; };
		61E1A8601CF0277100728D95 /* TimeoutObserver.swift in Sources */ = {isa = PBXBuildFile; fileRef = 1D9B43341B6A934A008F7F18 /* TimeoutObserver.swift */; };
		61E1A8611CF0277200728D95 /* TimeoutObserver.swift in Sources */ = {isa = PBXBuildFile; fileRef = 1D9B43341B6A934A008F7F18 /* TimeoutObserver.swift */; };
		61E1A8621CF0277300728D95 /* TimeoutObserver.swift in Sources */ = {isa = PBXBuildFile; fileRef = 1D9B43341B6A934A008F7F18 /* TimeoutObserver.swift */; };
		61E1A8631CF0277800728D95 /* OperationErrors.swift in Sources */ = {isa = PBXBuildFile; fileRef = 1D9B43351B6A934A008F7F18 /* OperationErrors.swift */; };
		61E1A8641CF0277800728D95 /* OperationErrors.swift in Sources */ = {isa = PBXBuildFile; fileRef = 1D9B43351B6A934A008F7F18 /* OperationErrors.swift */; };
		61E1A8651CF0277900728D95 /* OperationErrors.swift in Sources */ = {isa = PBXBuildFile; fileRef = 1D9B43351B6A934A008F7F18 /* OperationErrors.swift */; };
		61E1A8661CF0278900728D95 /* OperationCondition.swift in Sources */ = {isa = PBXBuildFile; fileRef = 1D9B43361B6A934A008F7F18 /* OperationCondition.swift */; };
		61E1A8671CF0278A00728D95 /* OperationCondition.swift in Sources */ = {isa = PBXBuildFile; fileRef = 1D9B43361B6A934A008F7F18 /* OperationCondition.swift */; };
		61E1A8681CF0278B00728D95 /* OperationCondition.swift in Sources */ = {isa = PBXBuildFile; fileRef = 1D9B43361B6A934A008F7F18 /* OperationCondition.swift */; };
		61E1A8691CF0278E00728D95 /* SilentCondition.swift in Sources */ = {isa = PBXBuildFile; fileRef = 1D9B43371B6A934A008F7F18 /* SilentCondition.swift */; };
		61E1A86A1CF0278F00728D95 /* SilentCondition.swift in Sources */ = {isa = PBXBuildFile; fileRef = 1D9B43371B6A934A008F7F18 /* SilentCondition.swift */; };
		61E1A86B1CF0278F00728D95 /* SilentCondition.swift in Sources */ = {isa = PBXBuildFile; fileRef = 1D9B43371B6A934A008F7F18 /* SilentCondition.swift */; };
		61E1A86C1CF0279500728D95 /* NegatedCondition.swift in Sources */ = {isa = PBXBuildFile; fileRef = 1D9B43381B6A934A008F7F18 /* NegatedCondition.swift */; };
		61E1A86D1CF0279500728D95 /* NegatedCondition.swift in Sources */ = {isa = PBXBuildFile; fileRef = 1D9B43381B6A934A008F7F18 /* NegatedCondition.swift */; };
		61E1A86E1CF0279600728D95 /* NegatedCondition.swift in Sources */ = {isa = PBXBuildFile; fileRef = 1D9B43381B6A934A008F7F18 /* NegatedCondition.swift */; };
		61E1A86F1CF0279900728D95 /* NoCancelledDependencies.swift in Sources */ = {isa = PBXBuildFile; fileRef = 1D9B43391B6A934A008F7F18 /* NoCancelledDependencies.swift */; };
		61E1A8701CF0279A00728D95 /* NoCancelledDependencies.swift in Sources */ = {isa = PBXBuildFile; fileRef = 1D9B43391B6A934A008F7F18 /* NoCancelledDependencies.swift */; };
		61E1A8711CF0279B00728D95 /* NoCancelledDependencies.swift in Sources */ = {isa = PBXBuildFile; fileRef = 1D9B43391B6A934A008F7F18 /* NoCancelledDependencies.swift */; };
		61E1A8721CF0279E00728D95 /* MutuallyExclusive.swift in Sources */ = {isa = PBXBuildFile; fileRef = 1D9B433A1B6A934A008F7F18 /* MutuallyExclusive.swift */; };
		61E1A8731CF0279E00728D95 /* MutuallyExclusive.swift in Sources */ = {isa = PBXBuildFile; fileRef = 1D9B433A1B6A934A008F7F18 /* MutuallyExclusive.swift */; };
		61E1A8741CF0279F00728D95 /* MutuallyExclusive.swift in Sources */ = {isa = PBXBuildFile; fileRef = 1D9B433A1B6A934A008F7F18 /* MutuallyExclusive.swift */; };
		61E1A8751CF027A300728D95 /* ReachabilityCondition.swift in Sources */ = {isa = PBXBuildFile; fileRef = 1D9B433B1B6A934A008F7F18 /* ReachabilityCondition.swift */; };
		61E1A8761CF027A300728D95 /* ReachabilityCondition.swift in Sources */ = {isa = PBXBuildFile; fileRef = 1D9B433B1B6A934A008F7F18 /* ReachabilityCondition.swift */; };
		61E1A8771CF027A400728D95 /* ReachabilityCondition.swift in Sources */ = {isa = PBXBuildFile; fileRef = 1D9B433B1B6A934A008F7F18 /* ReachabilityCondition.swift */; };
		61E1A8781CF0288300728D95 /* Capability.swift in Sources */ = {isa = PBXBuildFile; fileRef = 55AE64C31BC172ED0097F4A5 /* Capability.swift */; };
		61E1A8791CF0288300728D95 /* Capability.swift in Sources */ = {isa = PBXBuildFile; fileRef = 55AE64C31BC172ED0097F4A5 /* Capability.swift */; };
		61E1A87A1CF0288400728D95 /* Capability.swift in Sources */ = {isa = PBXBuildFile; fileRef = 55AE64C31BC172ED0097F4A5 /* Capability.swift */; };
		61E1A87B1CF0288900728D95 /* CalendarCapability.swift in Sources */ = {isa = PBXBuildFile; fileRef = 55AE64C61BC173100097F4A5 /* CalendarCapability.swift */; };
		61E1A87C1CF0288A00728D95 /* CalendarCapability.swift in Sources */ = {isa = PBXBuildFile; fileRef = 55AE64C61BC173100097F4A5 /* CalendarCapability.swift */; };
		61E1A87D1CF0288B00728D95 /* CalendarCapability.swift in Sources */ = {isa = PBXBuildFile; fileRef = 55AE64C61BC173100097F4A5 /* CalendarCapability.swift */; };
		61E1A87E1CF0288F00728D95 /* HealthCapability.swift in Sources */ = {isa = PBXBuildFile; fileRef = 55AE64D51BC19E330097F4A5 /* HealthCapability.swift */; };
		61E1A87F1CF0289300728D95 /* iCloudContainerCapability.swift in Sources */ = {isa = PBXBuildFile; fileRef = 55AE64CE1BC175190097F4A5 /* iCloudContainerCapability.swift */; };
		61E1A8801CF0289400728D95 /* iCloudContainerCapability.swift in Sources */ = {isa = PBXBuildFile; fileRef = 55AE64CE1BC175190097F4A5 /* iCloudContainerCapability.swift */; };
		61E1A8811CF0289400728D95 /* iCloudContainerCapability.swift in Sources */ = {isa = PBXBuildFile; fileRef = 55AE64CE1BC175190097F4A5 /* iCloudContainerCapability.swift */; };
		61E1A8821CF028A600728D95 /* LocationCapability-iOS.swift in Sources */ = {isa = PBXBuildFile; fileRef = 55AE64CC1BC1738D0097F4A5 /* LocationCapability-iOS.swift */; };
		61E1A8831CF028AA00728D95 /* LocationCapability-tvOS.swift in Sources */ = {isa = PBXBuildFile; fileRef = 55AE64D11BC180570097F4A5 /* LocationCapability-tvOS.swift */; };
		61E1A8841CF028B000728D95 /* LocationCapability-OSX.swift in Sources */ = {isa = PBXBuildFile; fileRef = 55AE64D31BC180650097F4A5 /* LocationCapability-OSX.swift */; };
		61E1A8881CF028CE00728D95 /* PushCapability-OSX.swift in Sources */ = {isa = PBXBuildFile; fileRef = 55AE64DB1BC1C7E50097F4A5 /* PushCapability-OSX.swift */; };
		61E1A8891CF028D600728D95 /* Dictionary+Operations.swift in Sources */ = {isa = PBXBuildFile; fileRef = 1D9B43441B6A934A008F7F18 /* Dictionary+Operations.swift */; };
		61E1A88A1CF028D600728D95 /* Dictionary+Operations.swift in Sources */ = {isa = PBXBuildFile; fileRef = 1D9B43441B6A934A008F7F18 /* Dictionary+Operations.swift */; };
		61E1A88B1CF028D700728D95 /* Dictionary+Operations.swift in Sources */ = {isa = PBXBuildFile; fileRef = 1D9B43441B6A934A008F7F18 /* Dictionary+Operations.swift */; };
		61E1A88C1CF028DB00728D95 /* NSOperation+Operations.swift in Sources */ = {isa = PBXBuildFile; fileRef = 1D9B43451B6A934A008F7F18 /* NSOperation+Operations.swift */; };
		61E1A88D1CF028DC00728D95 /* NSOperation+Operations.swift in Sources */ = {isa = PBXBuildFile; fileRef = 1D9B43451B6A934A008F7F18 /* NSOperation+Operations.swift */; };
		61E1A88E1CF028DD00728D95 /* NSOperation+Operations.swift in Sources */ = {isa = PBXBuildFile; fileRef = 1D9B43451B6A934A008F7F18 /* NSOperation+Operations.swift */; };
		61E1A88F1CF028E300728D95 /* NSLock+Operations.swift in Sources */ = {isa = PBXBuildFile; fileRef = FDB1BBBD1B8D67CB00FB9D7A /* NSLock+Operations.swift */; };
		61E1A8901CF028E400728D95 /* NSLock+Operations.swift in Sources */ = {isa = PBXBuildFile; fileRef = FDB1BBBD1B8D67CB00FB9D7A /* NSLock+Operations.swift */; };
		61E1A8911CF028E500728D95 /* NSLock+Operations.swift in Sources */ = {isa = PBXBuildFile; fileRef = FDB1BBBD1B8D67CB00FB9D7A /* NSLock+Operations.swift */; };
		61E1A8921CF028E900728D95 /* UIUserNotifications+Operations.swift in Sources */ = {isa = PBXBuildFile; fileRef = 1D9B43471B6A934A008F7F18 /* UIUserNotifications+Operations.swift */; };
		61E1A8931CF028E900728D95 /* UIUserNotifications+Operations.swift in Sources */ = {isa = PBXBuildFile; fileRef = 1D9B43471B6A934A008F7F18 /* UIUserNotifications+Operations.swift */; };
		61E1A8941CF028EA00728D95 /* UIUserNotifications+Operations.swift in Sources */ = {isa = PBXBuildFile; fileRef = 1D9B43471B6A934A008F7F18 /* UIUserNotifications+Operations.swift */; };
		61E1A89E1CF0312A00728D95 /* Operations.framework in Frameworks */ = {isa = PBXBuildFile; fileRef = 61E1A8201CF026CF00728D95 /* Operations.framework */; };
		61E1A89F1CF031CE00728D95 /* Operations.framework in Frameworks */ = {isa = PBXBuildFile; fileRef = 1D9B430E1B6A92ED008F7F18 /* Operations.framework */; };
		61E1A8A21CF033D500728D95 /* Operations.framework in Frameworks */ = {isa = PBXBuildFile; fileRef = 1D9B430E1B6A92ED008F7F18 /* Operations.framework */; };
		FD19C9D31C440293005D0F07 /* AppDelegate.swift in Sources */ = {isa = PBXBuildFile; fileRef = FD19C9D21C440293005D0F07 /* AppDelegate.swift */; };
		FD19C9D51C440293005D0F07 /* ViewController.swift in Sources */ = {isa = PBXBuildFile; fileRef = FD19C9D41C440293005D0F07 /* ViewController.swift */; };
		FD19C9D81C440293005D0F07 /* Main.storyboard in Resources */ = {isa = PBXBuildFile; fileRef = FD19C9D61C440293005D0F07 /* Main.storyboard */; };
		FD19C9DA1C440293005D0F07 /* Assets.xcassets in Resources */ = {isa = PBXBuildFile; fileRef = FD19C9D91C440293005D0F07 /* Assets.xcassets */; };
		FD19C9DD1C440293005D0F07 /* LaunchScreen.storyboard in Resources */ = {isa = PBXBuildFile; fileRef = FD19C9DB1C440293005D0F07 /* LaunchScreen.storyboard */; };
		FD19C9E81C440293005D0F07 /* PSOperationsAppForTestsTests.swift in Sources */ = {isa = PBXBuildFile; fileRef = FD19C9E71C440293005D0F07 /* PSOperationsAppForTestsTests.swift */; };
		FD39C29E1B8B5F090092008B /* PSOperationsTests.swift in Sources */ = {isa = PBXBuildFile; fileRef = 1D9B436D1B6A942C008F7F18 /* PSOperationsTests.swift */; };
		FDB1BBBE1B8D67CB00FB9D7A /* NSLock+Operations.swift in Sources */ = {isa = PBXBuildFile; fileRef = FDB1BBBD1B8D67CB00FB9D7A /* NSLock+Operations.swift */; };
		FDB1E8F21BBC2B08006BC157 /* OperationConditionResultTests.swift in Sources */ = {isa = PBXBuildFile; fileRef = FDB1E8F11BBC2B08006BC157 /* OperationConditionResultTests.swift */; };
		FDC6C5291BBCDDC9008FB96E /* URLSessionTaskOperationTests.swift in Sources */ = {isa = PBXBuildFile; fileRef = FDC6C5281BBCDDC9008FB96E /* URLSessionTaskOperationTests.swift */; };
		FDC6C52C1BBD6447008FB96E /* OperationErrorCodeTests.swift in Sources */ = {isa = PBXBuildFile; fileRef = FDC6C52B1BBD6447008FB96E /* OperationErrorCodeTests.swift */; };
		FDDB93431C6003A4009E0ABC /* Operations.framework in Frameworks */ = {isa = PBXBuildFile; fileRef = 1D9B430E1B6A92ED008F7F18 /* Operations.framework */; };
/* End PBXBuildFile section */

/* Begin PBXContainerItemProxy section */
		1D9B431B1B6A92ED008F7F18 /* PBXContainerItemProxy */ = {
			isa = PBXContainerItemProxy;
			containerPortal = 1D9B43051B6A92ED008F7F18 /* Project object */;
			proxyType = 1;
			remoteGlobalIDString = 1D9B430D1B6A92ED008F7F18;
			remoteInfo = PSOperations;
		};
		FD19C9E41C440293005D0F07 /* PBXContainerItemProxy */ = {
			isa = PBXContainerItemProxy;
			containerPortal = 1D9B43051B6A92ED008F7F18 /* Project object */;
			proxyType = 1;
			remoteGlobalIDString = FD19C9CF1C440293005D0F07;
			remoteInfo = PSOperationsAppForTests;
		};
/* End PBXContainerItemProxy section */

/* Begin PBXFileReference section */
		1D9B430E1B6A92ED008F7F18 /* Operations.framework */ = {isa = PBXFileReference; explicitFileType = wrapper.framework; includeInIndex = 0; path = Operations.framework; sourceTree = BUILT_PRODUCTS_DIR; };
		1D9B43121B6A92ED008F7F18 /* Info.plist */ = {isa = PBXFileReference; lastKnownFileType = text.plist.xml; path = Info.plist; sourceTree = "<group>"; };
		1D9B43131B6A92ED008F7F18 /* Operations.h */ = {isa = PBXFileReference; lastKnownFileType = sourcecode.c.h; path = Operations.h; sourceTree = "<group>"; };
		1D9B43191B6A92ED008F7F18 /* PSOperationsTests.xctest */ = {isa = PBXFileReference; explicitFileType = wrapper.cfbundle; includeInIndex = 0; path = PSOperationsTests.xctest; sourceTree = BUILT_PRODUCTS_DIR; };
		1D9B431F1B6A92ED008F7F18 /* Info.plist */ = {isa = PBXFileReference; lastKnownFileType = text.plist.xml; path = Info.plist; sourceTree = "<group>"; };
		1D9B432C1B6A934A008F7F18 /* Operation.swift */ = {isa = PBXFileReference; fileEncoding = 4; lastKnownFileType = sourcecode.swift; path = Operation.swift; sourceTree = "<group>"; };
		1D9B432D1B6A934A008F7F18 /* BlockOperation.swift */ = {isa = PBXFileReference; fileEncoding = 4; lastKnownFileType = sourcecode.swift; path = BlockOperation.swift; sourceTree = "<group>"; };
		1D9B432E1B6A934A008F7F18 /* GroupOperation.swift */ = {isa = PBXFileReference; fileEncoding = 4; lastKnownFileType = sourcecode.swift; path = GroupOperation.swift; sourceTree = "<group>"; };
		1D9B432F1B6A934A008F7F18 /* URLSessionTaskOperation.swift */ = {isa = PBXFileReference; fileEncoding = 4; lastKnownFileType = sourcecode.swift; path = URLSessionTaskOperation.swift; sourceTree = "<group>"; };
		1D9B43301B6A934A008F7F18 /* LocationOperation.swift */ = {isa = PBXFileReference; fileEncoding = 4; lastKnownFileType = sourcecode.swift; path = LocationOperation.swift; sourceTree = "<group>"; };
		1D9B43311B6A934A008F7F18 /* DelayOperation.swift */ = {isa = PBXFileReference; fileEncoding = 4; lastKnownFileType = sourcecode.swift; path = DelayOperation.swift; sourceTree = "<group>"; };
		1D9B43321B6A934A008F7F18 /* OperationObserver.swift */ = {isa = PBXFileReference; fileEncoding = 4; lastKnownFileType = sourcecode.swift; path = OperationObserver.swift; sourceTree = "<group>"; };
		1D9B43331B6A934A008F7F18 /* BlockObserver.swift */ = {isa = PBXFileReference; fileEncoding = 4; lastKnownFileType = sourcecode.swift; path = BlockObserver.swift; sourceTree = "<group>"; };
		1D9B43341B6A934A008F7F18 /* TimeoutObserver.swift */ = {isa = PBXFileReference; fileEncoding = 4; lastKnownFileType = sourcecode.swift; path = TimeoutObserver.swift; sourceTree = "<group>"; };
		1D9B43351B6A934A008F7F18 /* OperationErrors.swift */ = {isa = PBXFileReference; fileEncoding = 4; lastKnownFileType = sourcecode.swift; path = OperationErrors.swift; sourceTree = "<group>"; };
		1D9B43361B6A934A008F7F18 /* OperationCondition.swift */ = {isa = PBXFileReference; fileEncoding = 4; lastKnownFileType = sourcecode.swift; path = OperationCondition.swift; sourceTree = "<group>"; };
		1D9B43371B6A934A008F7F18 /* SilentCondition.swift */ = {isa = PBXFileReference; fileEncoding = 4; lastKnownFileType = sourcecode.swift; path = SilentCondition.swift; sourceTree = "<group>"; };
		1D9B43381B6A934A008F7F18 /* NegatedCondition.swift */ = {isa = PBXFileReference; fileEncoding = 4; lastKnownFileType = sourcecode.swift; path = NegatedCondition.swift; sourceTree = "<group>"; };
		1D9B43391B6A934A008F7F18 /* NoCancelledDependencies.swift */ = {isa = PBXFileReference; fileEncoding = 4; lastKnownFileType = sourcecode.swift; path = NoCancelledDependencies.swift; sourceTree = "<group>"; };
		1D9B433A1B6A934A008F7F18 /* MutuallyExclusive.swift */ = {isa = PBXFileReference; fileEncoding = 4; lastKnownFileType = sourcecode.swift; path = MutuallyExclusive.swift; sourceTree = "<group>"; };
		1D9B433B1B6A934A008F7F18 /* ReachabilityCondition.swift */ = {isa = PBXFileReference; fileEncoding = 4; lastKnownFileType = sourcecode.swift; path = ReachabilityCondition.swift; sourceTree = "<group>"; };
		1D9B43441B6A934A008F7F18 /* Dictionary+Operations.swift */ = {isa = PBXFileReference; fileEncoding = 4; lastKnownFileType = sourcecode.swift; path = "Dictionary+Operations.swift"; sourceTree = "<group>"; };
		1D9B43451B6A934A008F7F18 /* NSOperation+Operations.swift */ = {isa = PBXFileReference; fileEncoding = 4; lastKnownFileType = sourcecode.swift; path = "NSOperation+Operations.swift"; sourceTree = "<group>"; };
		1D9B43471B6A934A008F7F18 /* UIUserNotifications+Operations.swift */ = {isa = PBXFileReference; fileEncoding = 4; lastKnownFileType = sourcecode.swift; path = "UIUserNotifications+Operations.swift"; sourceTree = "<group>"; };
		1D9B436D1B6A942C008F7F18 /* PSOperationsTests.swift */ = {isa = PBXFileReference; fileEncoding = 4; lastKnownFileType = sourcecode.swift; path = PSOperationsTests.swift; sourceTree = "<group>"; };
		55AE64C31BC172ED0097F4A5 /* Capability.swift */ = {isa = PBXFileReference; fileEncoding = 4; lastKnownFileType = sourcecode.swift; path = Capability.swift; sourceTree = "<group>"; };
		55AE64C61BC173100097F4A5 /* CalendarCapability.swift */ = {isa = PBXFileReference; fileEncoding = 4; lastKnownFileType = sourcecode.swift; path = CalendarCapability.swift; sourceTree = "<group>"; };
		55AE64C81BC1732D0097F4A5 /* PhotosCapability.swift */ = {isa = PBXFileReference; fileEncoding = 4; lastKnownFileType = sourcecode.swift; path = PhotosCapability.swift; sourceTree = "<group>"; };
		55AE64CA1BC173560097F4A5 /* PassbookCapability.swift */ = {isa = PBXFileReference; fileEncoding = 4; lastKnownFileType = sourcecode.swift; path = PassbookCapability.swift; sourceTree = "<group>"; };
		55AE64CC1BC1738D0097F4A5 /* LocationCapability-iOS.swift */ = {isa = PBXFileReference; fileEncoding = 4; lastKnownFileType = sourcecode.swift; path = "LocationCapability-iOS.swift"; sourceTree = "<group>"; };
		55AE64CE1BC175190097F4A5 /* iCloudContainerCapability.swift */ = {isa = PBXFileReference; fileEncoding = 4; lastKnownFileType = sourcecode.swift; path = iCloudContainerCapability.swift; sourceTree = "<group>"; };
		55AE64D11BC180570097F4A5 /* LocationCapability-tvOS.swift */ = {isa = PBXFileReference; fileEncoding = 4; lastKnownFileType = sourcecode.swift; path = "LocationCapability-tvOS.swift"; sourceTree = "<group>"; };
		55AE64D31BC180650097F4A5 /* LocationCapability-OSX.swift */ = {isa = PBXFileReference; fileEncoding = 4; lastKnownFileType = sourcecode.swift; path = "LocationCapability-OSX.swift"; sourceTree = "<group>"; };
		55AE64D51BC19E330097F4A5 /* HealthCapability.swift */ = {isa = PBXFileReference; fileEncoding = 4; lastKnownFileType = sourcecode.swift; path = HealthCapability.swift; sourceTree = "<group>"; };
		55AE64D91BC1C7430097F4A5 /* PushCapability-iOS.swift */ = {isa = PBXFileReference; fileEncoding = 4; lastKnownFileType = sourcecode.swift; path = "PushCapability-iOS.swift"; sourceTree = "<group>"; };
		55AE64DB1BC1C7E50097F4A5 /* PushCapability-OSX.swift */ = {isa = PBXFileReference; fileEncoding = 4; lastKnownFileType = sourcecode.swift; path = "PushCapability-OSX.swift"; sourceTree = "<group>"; };
		55AE64DD1BC1DCF50097F4A5 /* UserNotificationCapability.swift */ = {isa = PBXFileReference; fileEncoding = 4; lastKnownFileType = sourcecode.swift; path = UserNotificationCapability.swift; sourceTree = "<group>"; };
		61E1A7BD1CEEE06000728D95 /* OperationsHealthExtras.framework */ = {isa = PBXFileReference; explicitFileType = wrapper.framework; includeInIndex = 0; path = OperationsHealthExtras.framework; sourceTree = BUILT_PRODUCTS_DIR; };
		61E1A7CA1CEEE07B00728D95 /* OperationsPassbookExtras.framework */ = {isa = PBXFileReference; explicitFileType = wrapper.framework; includeInIndex = 0; path = OperationsPassbookExtras.framework; sourceTree = BUILT_PRODUCTS_DIR; };
		61E1A7E61CEEE45800728D95 /* OperationsHealthExtras-Info.plist */ = {isa = PBXFileReference; fileEncoding = 4; lastKnownFileType = text.plist.xml; name = "OperationsHealthExtras-Info.plist"; path = "Operations/OperationsHealthExtras-Info.plist"; sourceTree = SOURCE_ROOT; };
		61E1A7E71CEEE45800728D95 /* OperationsHealthExtras.h */ = {isa = PBXFileReference; fileEncoding = 4; lastKnownFileType = sourcecode.c.h; name = OperationsHealthExtras.h; path = Operations/OperationsHealthExtras.h; sourceTree = SOURCE_ROOT; };
		61E1A7EC1CEEE47D00728D95 /* OperationsPassbookExtras-Info.plist */ = {isa = PBXFileReference; fileEncoding = 4; lastKnownFileType = text.plist.xml; name = "OperationsPassbookExtras-Info.plist"; path = "Operations/OperationsPassbookExtras-Info.plist"; sourceTree = SOURCE_ROOT; };
		61E1A7ED1CEEE47D00728D95 /* OperationsPassbookExtras.h */ = {isa = PBXFileReference; fileEncoding = 4; lastKnownFileType = sourcecode.c.h; name = OperationsPassbookExtras.h; path = Operations/OperationsPassbookExtras.h; sourceTree = SOURCE_ROOT; };
		61E1A7F91CF0042200728D95 /* OperationQueue.swift */ = {isa = PBXFileReference; fileEncoding = 4; lastKnownFileType = sourcecode.swift; path = OperationQueue.swift; sourceTree = "<group>"; };
		61E1A7FE1CF0043200728D95 /* ExclusivityController.swift */ = {isa = PBXFileReference; fileEncoding = 4; lastKnownFileType = sourcecode.swift; path = ExclusivityController.swift; sourceTree = "<group>"; };
		61E1A8131CF026C000728D95 /* Operations.framework */ = {isa = PBXFileReference; explicitFileType = wrapper.framework; includeInIndex = 0; path = Operations.framework; sourceTree = BUILT_PRODUCTS_DIR; };
		61E1A8201CF026CF00728D95 /* Operations.framework */ = {isa = PBXFileReference; explicitFileType = wrapper.framework; includeInIndex = 0; path = Operations.framework; sourceTree = BUILT_PRODUCTS_DIR; };
		61E1A82D1CF026E200728D95 /* Operations.framework */ = {isa = PBXFileReference; explicitFileType = wrapper.framework; includeInIndex = 0; path = Operations.framework; sourceTree = BUILT_PRODUCTS_DIR; };
		61E1A83A1CF026FE00728D95 /* OperationsHealthExtras.framework */ = {isa = PBXFileReference; explicitFileType = wrapper.framework; includeInIndex = 0; path = OperationsHealthExtras.framework; sourceTree = BUILT_PRODUCTS_DIR; };
		FD19C9D01C440293005D0F07 /* PSOperationsAppForTests.app */ = {isa = PBXFileReference; explicitFileType = wrapper.application; includeInIndex = 0; path = PSOperationsAppForTests.app; sourceTree = BUILT_PRODUCTS_DIR; };
		FD19C9D21C440293005D0F07 /* AppDelegate.swift */ = {isa = PBXFileReference; lastKnownFileType = sourcecode.swift; path = AppDelegate.swift; sourceTree = "<group>"; };
		FD19C9D41C440293005D0F07 /* ViewController.swift */ = {isa = PBXFileReference; lastKnownFileType = sourcecode.swift; path = ViewController.swift; sourceTree = "<group>"; };
		FD19C9D71C440293005D0F07 /* Base */ = {isa = PBXFileReference; lastKnownFileType = file.storyboard; name = Base; path = Base.lproj/Main.storyboard; sourceTree = "<group>"; };
		FD19C9D91C440293005D0F07 /* Assets.xcassets */ = {isa = PBXFileReference; lastKnownFileType = folder.assetcatalog; path = Assets.xcassets; sourceTree = "<group>"; };
		FD19C9DC1C440293005D0F07 /* Base */ = {isa = PBXFileReference; lastKnownFileType = file.storyboard; name = Base; path = Base.lproj/LaunchScreen.storyboard; sourceTree = "<group>"; };
		FD19C9DE1C440293005D0F07 /* Info.plist */ = {isa = PBXFileReference; lastKnownFileType = text.plist.xml; path = Info.plist; sourceTree = "<group>"; };
		FD19C9E31C440293005D0F07 /* PSOperationsAppForTestsTests.xctest */ = {isa = PBXFileReference; explicitFileType = wrapper.cfbundle; includeInIndex = 0; path = PSOperationsAppForTestsTests.xctest; sourceTree = BUILT_PRODUCTS_DIR; };
		FD19C9E71C440293005D0F07 /* PSOperationsAppForTestsTests.swift */ = {isa = PBXFileReference; lastKnownFileType = sourcecode.swift; path = PSOperationsAppForTestsTests.swift; sourceTree = "<group>"; };
		FD19C9E91C440293005D0F07 /* Info.plist */ = {isa = PBXFileReference; lastKnownFileType = text.plist.xml; path = Info.plist; sourceTree = "<group>"; };
		FDB1BBBD1B8D67CB00FB9D7A /* NSLock+Operations.swift */ = {isa = PBXFileReference; fileEncoding = 4; lastKnownFileType = sourcecode.swift; path = "NSLock+Operations.swift"; sourceTree = "<group>"; };
		FDB1E8F11BBC2B08006BC157 /* OperationConditionResultTests.swift */ = {isa = PBXFileReference; fileEncoding = 4; lastKnownFileType = sourcecode.swift; path = OperationConditionResultTests.swift; sourceTree = "<group>"; };
		FDC6C5281BBCDDC9008FB96E /* URLSessionTaskOperationTests.swift */ = {isa = PBXFileReference; fileEncoding = 4; lastKnownFileType = sourcecode.swift; path = URLSessionTaskOperationTests.swift; sourceTree = "<group>"; };
		FDC6C52B1BBD6447008FB96E /* OperationErrorCodeTests.swift */ = {isa = PBXFileReference; fileEncoding = 4; lastKnownFileType = sourcecode.swift; path = OperationErrorCodeTests.swift; sourceTree = "<group>"; };
/* End PBXFileReference section */

/* Begin PBXFrameworksBuildPhase section */
		1D9B430A1B6A92ED008F7F18 /* Frameworks */ = {
			isa = PBXFrameworksBuildPhase;
			buildActionMask = 2147483647;
			files = (
			);
			runOnlyForDeploymentPostprocessing = 0;
		};
		1D9B43161B6A92ED008F7F18 /* Frameworks */ = {
			isa = PBXFrameworksBuildPhase;
			buildActionMask = 2147483647;
			files = (
				1D9B431A1B6A92ED008F7F18 /* Operations.framework in Frameworks */,
			);
			runOnlyForDeploymentPostprocessing = 0;
		};
		61E1A7B91CEEE06000728D95 /* Frameworks */ = {
			isa = PBXFrameworksBuildPhase;
			buildActionMask = 2147483647;
			files = (
				61E1A89F1CF031CE00728D95 /* Operations.framework in Frameworks */,
			);
			runOnlyForDeploymentPostprocessing = 0;
		};
		61E1A7C61CEEE07B00728D95 /* Frameworks */ = {
			isa = PBXFrameworksBuildPhase;
			buildActionMask = 2147483647;
			files = (
				61E1A8A21CF033D500728D95 /* Operations.framework in Frameworks */,
			);
			runOnlyForDeploymentPostprocessing = 0;
		};
		61E1A80F1CF026C000728D95 /* Frameworks */ = {
			isa = PBXFrameworksBuildPhase;
			buildActionMask = 2147483647;
			files = (
			);
			runOnlyForDeploymentPostprocessing = 0;
		};
		61E1A81C1CF026CF00728D95 /* Frameworks */ = {
			isa = PBXFrameworksBuildPhase;
			buildActionMask = 2147483647;
			files = (
			);
			runOnlyForDeploymentPostprocessing = 0;
		};
		61E1A8291CF026E200728D95 /* Frameworks */ = {
			isa = PBXFrameworksBuildPhase;
			buildActionMask = 2147483647;
			files = (
			);
			runOnlyForDeploymentPostprocessing = 0;
		};
		61E1A8361CF026FE00728D95 /* Frameworks */ = {
			isa = PBXFrameworksBuildPhase;
			buildActionMask = 2147483647;
			files = (
				61E1A89E1CF0312A00728D95 /* Operations.framework in Frameworks */,
			);
			runOnlyForDeploymentPostprocessing = 0;
		};
		FD19C9CD1C440293005D0F07 /* Frameworks */ = {
			isa = PBXFrameworksBuildPhase;
			buildActionMask = 2147483647;
			files = (
				FDDB93431C6003A4009E0ABC /* Operations.framework in Frameworks */,
			);
			runOnlyForDeploymentPostprocessing = 0;
		};
		FD19C9E01C440293005D0F07 /* Frameworks */ = {
			isa = PBXFrameworksBuildPhase;
			buildActionMask = 2147483647;
			files = (
			);
			runOnlyForDeploymentPostprocessing = 0;
		};
/* End PBXFrameworksBuildPhase section */

/* Begin PBXGroup section */
		1D9B43041B6A92ED008F7F18 = {
			isa = PBXGroup;
			children = (
				1D9B43101B6A92ED008F7F18 /* Operations */,
				1D9B431D1B6A92ED008F7F18 /* PSOperationsTests */,
				FD19C9D11C440293005D0F07 /* PSOperationsAppForTests */,
				FD19C9E61C440293005D0F07 /* PSOperationsAppForTestsTests */,
				1D9B430F1B6A92ED008F7F18 /* Products */,
			);
			sourceTree = "<group>";
		};
		1D9B430F1B6A92ED008F7F18 /* Products */ = {
			isa = PBXGroup;
			children = (
				1D9B430E1B6A92ED008F7F18 /* Operations.framework */,
				1D9B43191B6A92ED008F7F18 /* PSOperationsTests.xctest */,
				FD19C9D01C440293005D0F07 /* PSOperationsAppForTests.app */,
				FD19C9E31C440293005D0F07 /* PSOperationsAppForTestsTests.xctest */,
				61E1A7BD1CEEE06000728D95 /* OperationsHealthExtras.framework */,
				61E1A7CA1CEEE07B00728D95 /* OperationsPassbookExtras.framework */,
				61E1A8131CF026C000728D95 /* Operations.framework */,
				61E1A8201CF026CF00728D95 /* Operations.framework */,
				61E1A82D1CF026E200728D95 /* Operations.framework */,
				61E1A83A1CF026FE00728D95 /* OperationsHealthExtras.framework */,
			);
			name = Products;
			sourceTree = "<group>";
		};
		1D9B43101B6A92ED008F7F18 /* Operations */ = {
			isa = PBXGroup;
			children = (
				61E1A7F81CF003EF00728D95 /* Operation Queue */,
				61E1A8031CF0044600728D95 /* Operations */,
				61E1A8041CF0047900728D95 /* Observers */,
				61E1A8051CF0049600728D95 /* Conditions */,
				61E1A8071CF004FC00728D95 /* Convenience Extensions */,
				1D9B43111B6A92ED008F7F18 /* Supporting Files */,
			);
			path = Operations;
			sourceTree = "<group>";
		};
		1D9B43111B6A92ED008F7F18 /* Supporting Files */ = {
			isa = PBXGroup;
			children = (
				61E1A7D51CEEE21900728D95 /* Operations */,
				61E1A7E41CEEE3CD00728D95 /* OperationsHealthExtras */,
				61E1A7E51CEEE3D600728D95 /* OperationsPassbookExtras */,
			);
			name = "Supporting Files";
			sourceTree = "<group>";
		};
		1D9B431D1B6A92ED008F7F18 /* PSOperationsTests */ = {
			isa = PBXGroup;
			children = (
				FDC6C52B1BBD6447008FB96E /* OperationErrorCodeTests.swift */,
				FDC6C5281BBCDDC9008FB96E /* URLSessionTaskOperationTests.swift */,
				FDB1E8F11BBC2B08006BC157 /* OperationConditionResultTests.swift */,
				1D9B436D1B6A942C008F7F18 /* PSOperationsTests.swift */,
				1D9B431E1B6A92ED008F7F18 /* Supporting Files */,
			);
			path = PSOperationsTests;
			sourceTree = "<group>";
		};
		1D9B431E1B6A92ED008F7F18 /* Supporting Files */ = {
			isa = PBXGroup;
			children = (
				1D9B431F1B6A92ED008F7F18 /* Info.plist */,
			);
			name = "Supporting Files";
			sourceTree = "<group>";
		};
		61E1A7D51CEEE21900728D95 /* Operations */ = {
			isa = PBXGroup;
			children = (
				1D9B43131B6A92ED008F7F18 /* Operations.h */,
				1D9B43121B6A92ED008F7F18 /* Info.plist */,
			);
			name = Operations;
			sourceTree = "<group>";
		};
		61E1A7E41CEEE3CD00728D95 /* OperationsHealthExtras */ = {
			isa = PBXGroup;
			children = (
				61E1A7E71CEEE45800728D95 /* OperationsHealthExtras.h */,
				61E1A7E61CEEE45800728D95 /* OperationsHealthExtras-Info.plist */,
			);
			name = OperationsHealthExtras;
			sourceTree = "<group>";
		};
		61E1A7E51CEEE3D600728D95 /* OperationsPassbookExtras */ = {
			isa = PBXGroup;
			children = (
				61E1A7ED1CEEE47D00728D95 /* OperationsPassbookExtras.h */,
				61E1A7EC1CEEE47D00728D95 /* OperationsPassbookExtras-Info.plist */,
			);
			name = OperationsPassbookExtras;
			sourceTree = "<group>";
		};
		61E1A7F81CF003EF00728D95 /* Operation Queue */ = {
			isa = PBXGroup;
			children = (
				61E1A7F91CF0042200728D95 /* OperationQueue.swift */,
				61E1A7FE1CF0043200728D95 /* ExclusivityController.swift */,
			);
			name = "Operation Queue";
			sourceTree = "<group>";
		};
		61E1A8031CF0044600728D95 /* Operations */ = {
			isa = PBXGroup;
			children = (
				1D9B432C1B6A934A008F7F18 /* Operation.swift */,
				1D9B432D1B6A934A008F7F18 /* BlockOperation.swift */,
				1D9B432E1B6A934A008F7F18 /* GroupOperation.swift */,
				1D9B432F1B6A934A008F7F18 /* URLSessionTaskOperation.swift */,
				1D9B43301B6A934A008F7F18 /* LocationOperation.swift */,
				1D9B43311B6A934A008F7F18 /* DelayOperation.swift */,
			);
			name = Operations;
			sourceTree = "<group>";
		};
		61E1A8041CF0047900728D95 /* Observers */ = {
			isa = PBXGroup;
			children = (
				1D9B43321B6A934A008F7F18 /* OperationObserver.swift */,
				1D9B43331B6A934A008F7F18 /* BlockObserver.swift */,
				1D9B43341B6A934A008F7F18 /* TimeoutObserver.swift */,
			);
			name = Observers;
			sourceTree = "<group>";
		};
		61E1A8051CF0049600728D95 /* Conditions */ = {
			isa = PBXGroup;
			children = (
				1D9B43351B6A934A008F7F18 /* OperationErrors.swift */,
				1D9B43361B6A934A008F7F18 /* OperationCondition.swift */,
				1D9B43371B6A934A008F7F18 /* SilentCondition.swift */,
				1D9B43381B6A934A008F7F18 /* NegatedCondition.swift */,
				1D9B43391B6A934A008F7F18 /* NoCancelledDependencies.swift */,
				1D9B433A1B6A934A008F7F18 /* MutuallyExclusive.swift */,
				1D9B433B1B6A934A008F7F18 /* ReachabilityCondition.swift */,
				61E1A8061CF004D400728D95 /* Capabilities */,
			);
			name = Conditions;
			sourceTree = "<group>";
		};
		61E1A8061CF004D400728D95 /* Capabilities */ = {
			isa = PBXGroup;
			children = (
				55AE64C31BC172ED0097F4A5 /* Capability.swift */,
				55AE64C61BC173100097F4A5 /* CalendarCapability.swift */,
				55AE64D51BC19E330097F4A5 /* HealthCapability.swift */,
				55AE64CE1BC175190097F4A5 /* iCloudContainerCapability.swift */,
				55AE64CC1BC1738D0097F4A5 /* LocationCapability-iOS.swift */,
				55AE64D11BC180570097F4A5 /* LocationCapability-tvOS.swift */,
				55AE64D31BC180650097F4A5 /* LocationCapability-OSX.swift */,
				55AE64CA1BC173560097F4A5 /* PassbookCapability.swift */,
				55AE64C81BC1732D0097F4A5 /* PhotosCapability.swift */,
				55AE64D91BC1C7430097F4A5 /* PushCapability-iOS.swift */,
				55AE64DB1BC1C7E50097F4A5 /* PushCapability-OSX.swift */,
				55AE64DD1BC1DCF50097F4A5 /* UserNotificationCapability.swift */,
			);
			name = Capabilities;
			sourceTree = "<group>";
		};
		61E1A8071CF004FC00728D95 /* Convenience Extensions */ = {
			isa = PBXGroup;
			children = (
				1D9B43441B6A934A008F7F18 /* Dictionary+Operations.swift */,
				1D9B43451B6A934A008F7F18 /* NSOperation+Operations.swift */,
				FDB1BBBD1B8D67CB00FB9D7A /* NSLock+Operations.swift */,
				1D9B43471B6A934A008F7F18 /* UIUserNotifications+Operations.swift */,
			);
			name = "Convenience Extensions";
			sourceTree = "<group>";
		};
		FD19C9D11C440293005D0F07 /* PSOperationsAppForTests */ = {
			isa = PBXGroup;
			children = (
				FD19C9D21C440293005D0F07 /* AppDelegate.swift */,
				FD19C9D41C440293005D0F07 /* ViewController.swift */,
				FD19C9D61C440293005D0F07 /* Main.storyboard */,
				FD19C9D91C440293005D0F07 /* Assets.xcassets */,
				FD19C9DB1C440293005D0F07 /* LaunchScreen.storyboard */,
				FD19C9DE1C440293005D0F07 /* Info.plist */,
			);
			path = PSOperationsAppForTests;
			sourceTree = "<group>";
		};
		FD19C9E61C440293005D0F07 /* PSOperationsAppForTestsTests */ = {
			isa = PBXGroup;
			children = (
				FD19C9E71C440293005D0F07 /* PSOperationsAppForTestsTests.swift */,
				FD19C9E91C440293005D0F07 /* Info.plist */,
			);
			path = PSOperationsAppForTestsTests;
			sourceTree = "<group>";
		};
/* End PBXGroup section */

/* Begin PBXHeadersBuildPhase section */
		1D9B430B1B6A92ED008F7F18 /* Headers */ = {
			isa = PBXHeadersBuildPhase;
			buildActionMask = 2147483647;
			files = (
				61E1A80C1CF0065500728D95 /* Operations.h in Headers */,
			);
			runOnlyForDeploymentPostprocessing = 0;
		};
		61E1A7BA1CEEE06000728D95 /* Headers */ = {
			isa = PBXHeadersBuildPhase;
			buildActionMask = 2147483647;
			files = (
				61E1A7EA1CEEE46000728D95 /* OperationsHealthExtras.h in Headers */,
			);
			runOnlyForDeploymentPostprocessing = 0;
		};
		61E1A7C71CEEE07B00728D95 /* Headers */ = {
			isa = PBXHeadersBuildPhase;
			buildActionMask = 2147483647;
			files = (
				61E1A7F01CEEE48400728D95 /* OperationsPassbookExtras.h in Headers */,
			);
			runOnlyForDeploymentPostprocessing = 0;
		};
		61E1A8101CF026C000728D95 /* Headers */ = {
			isa = PBXHeadersBuildPhase;
			buildActionMask = 2147483647;
			files = (
			);
			runOnlyForDeploymentPostprocessing = 0;
		};
		61E1A81D1CF026CF00728D95 /* Headers */ = {
			isa = PBXHeadersBuildPhase;
			buildActionMask = 2147483647;
			files = (
			);
			runOnlyForDeploymentPostprocessing = 0;
		};
		61E1A82A1CF026E200728D95 /* Headers */ = {
			isa = PBXHeadersBuildPhase;
			buildActionMask = 2147483647;
			files = (
			);
			runOnlyForDeploymentPostprocessing = 0;
		};
		61E1A8371CF026FE00728D95 /* Headers */ = {
			isa = PBXHeadersBuildPhase;
			buildActionMask = 2147483647;
			files = (
			);
			runOnlyForDeploymentPostprocessing = 0;
		};
/* End PBXHeadersBuildPhase section */

/* Begin PBXNativeTarget section */
		1D9B430D1B6A92ED008F7F18 /* Operations-iOS */ = {
			isa = PBXNativeTarget;
			buildConfigurationList = 1D9B43241B6A92ED008F7F18 /* Build configuration list for PBXNativeTarget "Operations-iOS" */;
			buildPhases = (
				1D9B43091B6A92ED008F7F18 /* Sources */,
				1D9B430A1B6A92ED008F7F18 /* Frameworks */,
				1D9B430B1B6A92ED008F7F18 /* Headers */,
				1D9B430C1B6A92ED008F7F18 /* Resources */,
			);
			buildRules = (
			);
			dependencies = (
			);
			name = "Operations-iOS";
			productName = PSOperations;
			productReference = 1D9B430E1B6A92ED008F7F18 /* Operations.framework */;
			productType = "com.apple.product-type.framework";
		};
		1D9B43181B6A92ED008F7F18 /* PSOperationsTests */ = {
			isa = PBXNativeTarget;
			buildConfigurationList = 1D9B43271B6A92ED008F7F18 /* Build configuration list for PBXNativeTarget "PSOperationsTests" */;
			buildPhases = (
				1D9B43151B6A92ED008F7F18 /* Sources */,
				1D9B43161B6A92ED008F7F18 /* Frameworks */,
				1D9B43171B6A92ED008F7F18 /* Resources */,
			);
			buildRules = (
			);
			dependencies = (
				1D9B431C1B6A92ED008F7F18 /* PBXTargetDependency */,
			);
			name = PSOperationsTests;
			productName = PSOperationsTests;
			productReference = 1D9B43191B6A92ED008F7F18 /* PSOperationsTests.xctest */;
			productType = "com.apple.product-type.bundle.unit-test";
		};
		61E1A7BC1CEEE06000728D95 /* OperationsHealthExtras-iOS */ = {
			isa = PBXNativeTarget;
			buildConfigurationList = 61E1A7C21CEEE06000728D95 /* Build configuration list for PBXNativeTarget "OperationsHealthExtras-iOS" */;
			buildPhases = (
				61E1A7B81CEEE06000728D95 /* Sources */,
				61E1A7B91CEEE06000728D95 /* Frameworks */,
				61E1A7BA1CEEE06000728D95 /* Headers */,
				61E1A7BB1CEEE06000728D95 /* Resources */,
			);
			buildRules = (
			);
			dependencies = (
			);
			name = "OperationsHealthExtras-iOS";
			productName = OperationsHealthExtras;
			productReference = 61E1A7BD1CEEE06000728D95 /* OperationsHealthExtras.framework */;
			productType = "com.apple.product-type.framework";
		};
		61E1A7C91CEEE07B00728D95 /* OperationsPassbookExtras */ = {
			isa = PBXNativeTarget;
			buildConfigurationList = 61E1A7CF1CEEE07B00728D95 /* Build configuration list for PBXNativeTarget "OperationsPassbookExtras" */;
			buildPhases = (
				61E1A7C51CEEE07B00728D95 /* Sources */,
				61E1A7C61CEEE07B00728D95 /* Frameworks */,
				61E1A7C71CEEE07B00728D95 /* Headers */,
				61E1A7C81CEEE07B00728D95 /* Resources */,
			);
			buildRules = (
			);
			dependencies = (
			);
			name = OperationsPassbookExtras;
			productName = OperationsPassbookExtras;
			productReference = 61E1A7CA1CEEE07B00728D95 /* OperationsPassbookExtras.framework */;
			productType = "com.apple.product-type.framework";
		};
		61E1A8121CF026C000728D95 /* Operations-tvOS */ = {
			isa = PBXNativeTarget;
			buildConfigurationList = 61E1A8181CF026C000728D95 /* Build configuration list for PBXNativeTarget "Operations-tvOS" */;
			buildPhases = (
				61E1A80E1CF026C000728D95 /* Sources */,
				61E1A80F1CF026C000728D95 /* Frameworks */,
				61E1A8101CF026C000728D95 /* Headers */,
				61E1A8111CF026C000728D95 /* Resources */,
			);
			buildRules = (
			);
			dependencies = (
			);
			name = "Operations-tvOS";
			productName = "Operations-tvOS";
			productReference = 61E1A8131CF026C000728D95 /* Operations.framework */;
			productType = "com.apple.product-type.framework";
		};
		61E1A81F1CF026CF00728D95 /* Operations-watchOS */ = {
			isa = PBXNativeTarget;
			buildConfigurationList = 61E1A8251CF026CF00728D95 /* Build configuration list for PBXNativeTarget "Operations-watchOS" */;
			buildPhases = (
				61E1A81B1CF026CF00728D95 /* Sources */,
				61E1A81C1CF026CF00728D95 /* Frameworks */,
				61E1A81D1CF026CF00728D95 /* Headers */,
				61E1A81E1CF026CF00728D95 /* Resources */,
			);
			buildRules = (
			);
			dependencies = (
			);
			name = "Operations-watchOS";
			productName = "Operations-watchOS";
			productReference = 61E1A8201CF026CF00728D95 /* Operations.framework */;
			productType = "com.apple.product-type.framework";
		};
		61E1A82C1CF026E200728D95 /* Operations-macOS */ = {
			isa = PBXNativeTarget;
			buildConfigurationList = 61E1A8321CF026E200728D95 /* Build configuration list for PBXNativeTarget "Operations-macOS" */;
			buildPhases = (
				61E1A8281CF026E200728D95 /* Sources */,
				61E1A8291CF026E200728D95 /* Frameworks */,
				61E1A82A1CF026E200728D95 /* Headers */,
				61E1A82B1CF026E200728D95 /* Resources */,
			);
			buildRules = (
			);
			dependencies = (
			);
			name = "Operations-macOS";
			productName = "Operations-macOS";
			productReference = 61E1A82D1CF026E200728D95 /* Operations.framework */;
			productType = "com.apple.product-type.framework";
		};
		61E1A8391CF026FE00728D95 /* OperationsHealthExtras-watchOS */ = {
			isa = PBXNativeTarget;
			buildConfigurationList = 61E1A83F1CF026FE00728D95 /* Build configuration list for PBXNativeTarget "OperationsHealthExtras-watchOS" */;
			buildPhases = (
				61E1A8351CF026FE00728D95 /* Sources */,
				61E1A8361CF026FE00728D95 /* Frameworks */,
				61E1A8371CF026FE00728D95 /* Headers */,
				61E1A8381CF026FE00728D95 /* Resources */,
			);
			buildRules = (
			);
			dependencies = (
			);
			name = "OperationsHealthExtras-watchOS";
			productName = "OperationsHealthExtras-watchOS";
			productReference = 61E1A83A1CF026FE00728D95 /* OperationsHealthExtras.framework */;
			productType = "com.apple.product-type.framework";
		};
		FD19C9CF1C440293005D0F07 /* PSOperationsAppForTests */ = {
			isa = PBXNativeTarget;
			buildConfigurationList = FD19C9EA1C440293005D0F07 /* Build configuration list for PBXNativeTarget "PSOperationsAppForTests" */;
			buildPhases = (
				FD19C9CC1C440293005D0F07 /* Sources */,
				FD19C9CD1C440293005D0F07 /* Frameworks */,
				FD19C9CE1C440293005D0F07 /* Resources */,
			);
			buildRules = (
			);
			dependencies = (
			);
			name = PSOperationsAppForTests;
			productName = PSOperationsAppForTests;
			productReference = FD19C9D01C440293005D0F07 /* PSOperationsAppForTests.app */;
			productType = "com.apple.product-type.application";
		};
		FD19C9E21C440293005D0F07 /* PSOperationsAppForTestsTests */ = {
			isa = PBXNativeTarget;
			buildConfigurationList = FD19C9ED1C440293005D0F07 /* Build configuration list for PBXNativeTarget "PSOperationsAppForTestsTests" */;
			buildPhases = (
				FD19C9DF1C440293005D0F07 /* Sources */,
				FD19C9E01C440293005D0F07 /* Frameworks */,
				FD19C9E11C440293005D0F07 /* Resources */,
			);
			buildRules = (
			);
			dependencies = (
				FD19C9E51C440293005D0F07 /* PBXTargetDependency */,
			);
			name = PSOperationsAppForTestsTests;
			productName = PSOperationsAppForTestsTests;
			productReference = FD19C9E31C440293005D0F07 /* PSOperationsAppForTestsTests.xctest */;
			productType = "com.apple.product-type.bundle.unit-test";
		};
/* End PBXNativeTarget section */

/* Begin PBXProject section */
		1D9B43051B6A92ED008F7F18 /* Project object */ = {
			isa = PBXProject;
			attributes = {
				LastSwiftMigration = 0700;
				LastSwiftUpdateCheck = 0720;
				LastUpgradeCheck = 0730;
				ORGANIZATIONNAME = Pluralsight;
				TargetAttributes = {
					1D9B430D1B6A92ED008F7F18 = {
						CreatedOnToolsVersion = 6.4;
					};
					1D9B43181B6A92ED008F7F18 = {
						CreatedOnToolsVersion = 6.4;
					};
					61E1A7BC1CEEE06000728D95 = {
						CreatedOnToolsVersion = 7.3;
					};
					61E1A7C91CEEE07B00728D95 = {
						CreatedOnToolsVersion = 7.3;
					};
					61E1A8121CF026C000728D95 = {
						CreatedOnToolsVersion = 7.3;
					};
					61E1A81F1CF026CF00728D95 = {
						CreatedOnToolsVersion = 7.3;
					};
					61E1A82C1CF026E200728D95 = {
						CreatedOnToolsVersion = 7.3;
					};
					61E1A8391CF026FE00728D95 = {
						CreatedOnToolsVersion = 7.3;
					};
					FD19C9CF1C440293005D0F07 = {
						CreatedOnToolsVersion = 7.2;
					};
					FD19C9E21C440293005D0F07 = {
						CreatedOnToolsVersion = 7.2;
						TestTargetID = FD19C9CF1C440293005D0F07;
					};
				};
			};
			buildConfigurationList = 1D9B43081B6A92ED008F7F18 /* Build configuration list for PBXProject "Operations" */;
			compatibilityVersion = "Xcode 3.2";
			developmentRegion = English;
			hasScannedForEncodings = 0;
			knownRegions = (
				en,
				Base,
			);
			mainGroup = 1D9B43041B6A92ED008F7F18;
			productRefGroup = 1D9B430F1B6A92ED008F7F18 /* Products */;
			projectDirPath = "";
			projectRoot = "";
			targets = (
				1D9B430D1B6A92ED008F7F18 /* Operations-iOS */,
				61E1A8121CF026C000728D95 /* Operations-tvOS */,
				61E1A81F1CF026CF00728D95 /* Operations-watchOS */,
				61E1A82C1CF026E200728D95 /* Operations-macOS */,
				61E1A7BC1CEEE06000728D95 /* OperationsHealthExtras-iOS */,
				61E1A8391CF026FE00728D95 /* OperationsHealthExtras-watchOS */,
				61E1A7C91CEEE07B00728D95 /* OperationsPassbookExtras */,
				1D9B43181B6A92ED008F7F18 /* PSOperationsTests */,
				FD19C9CF1C440293005D0F07 /* PSOperationsAppForTests */,
				FD19C9E21C440293005D0F07 /* PSOperationsAppForTestsTests */,
			);
		};
/* End PBXProject section */

/* Begin PBXResourcesBuildPhase section */
		1D9B430C1B6A92ED008F7F18 /* Resources */ = {
			isa = PBXResourcesBuildPhase;
			buildActionMask = 2147483647;
			files = (
				61E1A7EE1CEEE47D00728D95 /* OperationsPassbookExtras-Info.plist in Resources */,
				61E1A7E81CEEE45800728D95 /* OperationsHealthExtras-Info.plist in Resources */,
			);
			runOnlyForDeploymentPostprocessing = 0;
		};
		1D9B43171B6A92ED008F7F18 /* Resources */ = {
			isa = PBXResourcesBuildPhase;
			buildActionMask = 2147483647;
			files = (
			);
			runOnlyForDeploymentPostprocessing = 0;
		};
		61E1A7BB1CEEE06000728D95 /* Resources */ = {
			isa = PBXResourcesBuildPhase;
			buildActionMask = 2147483647;
			files = (
			);
			runOnlyForDeploymentPostprocessing = 0;
		};
		61E1A7C81CEEE07B00728D95 /* Resources */ = {
			isa = PBXResourcesBuildPhase;
			buildActionMask = 2147483647;
			files = (
			);
			runOnlyForDeploymentPostprocessing = 0;
		};
		61E1A8111CF026C000728D95 /* Resources */ = {
			isa = PBXResourcesBuildPhase;
			buildActionMask = 2147483647;
			files = (
			);
			runOnlyForDeploymentPostprocessing = 0;
		};
		61E1A81E1CF026CF00728D95 /* Resources */ = {
			isa = PBXResourcesBuildPhase;
			buildActionMask = 2147483647;
			files = (
			);
			runOnlyForDeploymentPostprocessing = 0;
		};
		61E1A82B1CF026E200728D95 /* Resources */ = {
			isa = PBXResourcesBuildPhase;
			buildActionMask = 2147483647;
			files = (
			);
			runOnlyForDeploymentPostprocessing = 0;
		};
		61E1A8381CF026FE00728D95 /* Resources */ = {
			isa = PBXResourcesBuildPhase;
			buildActionMask = 2147483647;
			files = (
			);
			runOnlyForDeploymentPostprocessing = 0;
		};
		FD19C9CE1C440293005D0F07 /* Resources */ = {
			isa = PBXResourcesBuildPhase;
			buildActionMask = 2147483647;
			files = (
				FD19C9DD1C440293005D0F07 /* LaunchScreen.storyboard in Resources */,
				FD19C9DA1C440293005D0F07 /* Assets.xcassets in Resources */,
				FD19C9D81C440293005D0F07 /* Main.storyboard in Resources */,
			);
			runOnlyForDeploymentPostprocessing = 0;
		};
		FD19C9E11C440293005D0F07 /* Resources */ = {
			isa = PBXResourcesBuildPhase;
			buildActionMask = 2147483647;
			files = (
			);
			runOnlyForDeploymentPostprocessing = 0;
		};
/* End PBXResourcesBuildPhase section */

/* Begin PBXSourcesBuildPhase section */
		1D9B43091B6A92ED008F7F18 /* Sources */ = {
			isa = PBXSourcesBuildPhase;
			buildActionMask = 2147483647;
			files = (
				61E1A7FF1CF0043200728D95 /* ExclusivityController.swift in Sources */,
				1D9B43551B6A934A008F7F18 /* OperationCondition.swift in Sources */,
				1D9B434E1B6A934A008F7F18 /* URLSessionTaskOperation.swift in Sources */,
				1D9B43511B6A934A008F7F18 /* OperationObserver.swift in Sources */,
				1D9B43641B6A934A008F7F18 /* NSOperation+Operations.swift in Sources */,
				55AE64C71BC173100097F4A5 /* CalendarCapability.swift in Sources */,
				1D9B434B1B6A934A008F7F18 /* Operation.swift in Sources */,
				55AE64CF1BC175190097F4A5 /* iCloudContainerCapability.swift in Sources */,
				FDB1BBBE1B8D67CB00FB9D7A /* NSLock+Operations.swift in Sources */,
				55AE64C91BC1732D0097F4A5 /* PhotosCapability.swift in Sources */,
				55AE64C41BC172ED0097F4A5 /* Capability.swift in Sources */,
				1D9B43531B6A934A008F7F18 /* TimeoutObserver.swift in Sources */,
				1D9B43581B6A934A008F7F18 /* NoCancelledDependencies.swift in Sources */,
				1D9B43591B6A934A008F7F18 /* MutuallyExclusive.swift in Sources */,
				55AE64DE1BC1DCF50097F4A5 /* UserNotificationCapability.swift in Sources */,
				1D9B434F1B6A934A008F7F18 /* LocationOperation.swift in Sources */,
				1D9B434C1B6A934A008F7F18 /* BlockOperation.swift in Sources */,
				1D9B43631B6A934A008F7F18 /* Dictionary+Operations.swift in Sources */,
				55AE64DA1BC1C7430097F4A5 /* PushCapability-iOS.swift in Sources */,
				1D9B43571B6A934A008F7F18 /* NegatedCondition.swift in Sources */,
				61E1A7B71CEED31A00728D95 /* LocationCapability-iOS.swift in Sources */,
				1D9B434D1B6A934A008F7F18 /* GroupOperation.swift in Sources */,
				61E1A7FA1CF0042200728D95 /* OperationQueue.swift in Sources */,
				1D9B43501B6A934A008F7F18 /* DelayOperation.swift in Sources */,
				1D9B43541B6A934A008F7F18 /* OperationErrors.swift in Sources */,
				1D9B43561B6A934A008F7F18 /* SilentCondition.swift in Sources */,
				1D9B43661B6A934A008F7F18 /* UIUserNotifications+Operations.swift in Sources */,
				1D9B435A1B6A934A008F7F18 /* ReachabilityCondition.swift in Sources */,
				1D9B43521B6A934A008F7F18 /* BlockObserver.swift in Sources */,
			);
			runOnlyForDeploymentPostprocessing = 0;
		};
		1D9B43151B6A92ED008F7F18 /* Sources */ = {
			isa = PBXSourcesBuildPhase;
			buildActionMask = 2147483647;
			files = (
				FDB1E8F21BBC2B08006BC157 /* OperationConditionResultTests.swift in Sources */,
				FDC6C52C1BBD6447008FB96E /* OperationErrorCodeTests.swift in Sources */,
				FD39C29E1B8B5F090092008B /* PSOperationsTests.swift in Sources */,
				FDC6C5291BBCDDC9008FB96E /* URLSessionTaskOperationTests.swift in Sources */,
			);
			runOnlyForDeploymentPostprocessing = 0;
		};
		61E1A7B81CEEE06000728D95 /* Sources */ = {
			isa = PBXSourcesBuildPhase;
			buildActionMask = 2147483647;
			files = (
				61E1A7F21CEEE57000728D95 /* HealthCapability.swift in Sources */,
			);
			runOnlyForDeploymentPostprocessing = 0;
		};
		61E1A7C51CEEE07B00728D95 /* Sources */ = {
			isa = PBXSourcesBuildPhase;
			buildActionMask = 2147483647;
			files = (
				61E1A7D31CEEE0EF00728D95 /* PassbookCapability.swift in Sources */,
			);
			runOnlyForDeploymentPostprocessing = 0;
		};
		61E1A80E1CF026C000728D95 /* Sources */ = {
			isa = PBXSourcesBuildPhase;
			buildActionMask = 2147483647;
			files = (
				61E1A88C1CF028DB00728D95 /* NSOperation+Operations.swift in Sources */,
				61E1A8661CF0278900728D95 /* OperationCondition.swift in Sources */,
				61E1A8421CF0273D00728D95 /* OperationQueue.swift in Sources */,
				61E1A8521CF0275700728D95 /* URLSessionTaskOperation.swift in Sources */,
				61E1A87B1CF0288900728D95 /* CalendarCapability.swift in Sources */,
				61E1A85A1CF0276500728D95 /* OperationObserver.swift in Sources */,
				61E1A8451CF0274200728D95 /* ExclusivityController.swift in Sources */,
				61E1A8481CF0274600728D95 /* Operation.swift in Sources */,
				61E1A87F1CF0289300728D95 /* iCloudContainerCapability.swift in Sources */,
				61E1A8831CF028AA00728D95 /* LocationCapability-tvOS.swift in Sources */,
				61E1A88F1CF028E300728D95 /* NSLock+Operations.swift in Sources */,
				61E1A8601CF0277100728D95 /* TimeoutObserver.swift in Sources */,
				61E1A86F1CF0279900728D95 /* NoCancelledDependencies.swift in Sources */,
				61E1A8721CF0279E00728D95 /* MutuallyExclusive.swift in Sources */,
				61E1A8541CF0275A00728D95 /* LocationOperation.swift in Sources */,
				61E1A84B1CF0274B00728D95 /* BlockOperation.swift in Sources */,
				61E1A8891CF028D600728D95 /* Dictionary+Operations.swift in Sources */,
				61E1A8921CF028E900728D95 /* UIUserNotifications+Operations.swift in Sources */,
				61E1A86C1CF0279500728D95 /* NegatedCondition.swift in Sources */,
				61E1A84E1CF0275000728D95 /* GroupOperation.swift in Sources */,
				61E1A8571CF0275F00728D95 /* DelayOperation.swift in Sources */,
				61E1A8631CF0277800728D95 /* OperationErrors.swift in Sources */,
				61E1A8691CF0278E00728D95 /* SilentCondition.swift in Sources */,
				61E1A8751CF027A300728D95 /* ReachabilityCondition.swift in Sources */,
				61E1A8781CF0288300728D95 /* Capability.swift in Sources */,
				61E1A85D1CF0276B00728D95 /* BlockObserver.swift in Sources */,
			);
			runOnlyForDeploymentPostprocessing = 0;
		};
		61E1A81B1CF026CF00728D95 /* Sources */ = {
			isa = PBXSourcesBuildPhase;
			buildActionMask = 2147483647;
			files = (
				61E1A88D1CF028DC00728D95 /* NSOperation+Operations.swift in Sources */,
				61E1A8671CF0278A00728D95 /* OperationCondition.swift in Sources */,
				61E1A8431CF0273E00728D95 /* OperationQueue.swift in Sources */,
				61E1A8511CF0275600728D95 /* URLSessionTaskOperation.swift in Sources */,
				61E1A87C1CF0288A00728D95 /* CalendarCapability.swift in Sources */,
				61E1A85B1CF0276600728D95 /* OperationObserver.swift in Sources */,
				61E1A8461CF0274300728D95 /* ExclusivityController.swift in Sources */,
				61E1A8491CF0274700728D95 /* Operation.swift in Sources */,
				61E1A8801CF0289400728D95 /* iCloudContainerCapability.swift in Sources */,
				61E1A8611CF0277200728D95 /* TimeoutObserver.swift in Sources */,
				61E1A8901CF028E400728D95 /* NSLock+Operations.swift in Sources */,
				61E1A8701CF0279A00728D95 /* NoCancelledDependencies.swift in Sources */,
				61E1A8821CF028A600728D95 /* LocationCapability-iOS.swift in Sources */,
				61E1A8731CF0279E00728D95 /* MutuallyExclusive.swift in Sources */,
				61E1A8551CF0275B00728D95 /* LocationOperation.swift in Sources */,
				61E1A84C1CF0274B00728D95 /* BlockOperation.swift in Sources */,
				61E1A88A1CF028D600728D95 /* Dictionary+Operations.swift in Sources */,
				61E1A8931CF028E900728D95 /* UIUserNotifications+Operations.swift in Sources */,
				61E1A86D1CF0279500728D95 /* NegatedCondition.swift in Sources */,
				61E1A84F1CF0275000728D95 /* GroupOperation.swift in Sources */,
				61E1A8581CF0276100728D95 /* DelayOperation.swift in Sources */,
				61E1A8641CF0277800728D95 /* OperationErrors.swift in Sources */,
				61E1A86A1CF0278F00728D95 /* SilentCondition.swift in Sources */,
				61E1A8761CF027A300728D95 /* ReachabilityCondition.swift in Sources */,
				61E1A8791CF0288300728D95 /* Capability.swift in Sources */,
				61E1A85E1CF0276C00728D95 /* BlockObserver.swift in Sources */,
			);
			runOnlyForDeploymentPostprocessing = 0;
		};
		61E1A8281CF026E200728D95 /* Sources */ = {
			isa = PBXSourcesBuildPhase;
			buildActionMask = 2147483647;
			files = (
				61E1A8681CF0278B00728D95 /* OperationCondition.swift in Sources */,
				61E1A8441CF0273F00728D95 /* OperationQueue.swift in Sources */,
				61E1A8531CF0275800728D95 /* URLSessionTaskOperation.swift in Sources */,
				61E1A8941CF028EA00728D95 /* UIUserNotifications+Operations.swift in Sources */,
				61E1A88B1CF028D700728D95 /* Dictionary+Operations.swift in Sources */,
				61E1A87D1CF0288B00728D95 /* CalendarCapability.swift in Sources */,
				61E1A85C1CF0276700728D95 /* OperationObserver.swift in Sources */,
				61E1A8881CF028CE00728D95 /* PushCapability-OSX.swift in Sources */,
				61E1A8471CF0274300728D95 /* ExclusivityController.swift in Sources */,
				61E1A84A1CF0274700728D95 /* Operation.swift in Sources */,
				61E1A8811CF0289400728D95 /* iCloudContainerCapability.swift in Sources */,
				61E1A8621CF0277300728D95 /* TimeoutObserver.swift in Sources */,
				61E1A8711CF0279B00728D95 /* NoCancelledDependencies.swift in Sources */,
				61E1A8741CF0279F00728D95 /* MutuallyExclusive.swift in Sources */,
				61E1A8561CF0275C00728D95 /* LocationOperation.swift in Sources */,
				61E1A84D1CF0274C00728D95 /* BlockOperation.swift in Sources */,
				61E1A86E1CF0279600728D95 /* NegatedCondition.swift in Sources */,
				61E1A8501CF0275100728D95 /* GroupOperation.swift in Sources */,
				61E1A88E1CF028DD00728D95 /* NSOperation+Operations.swift in Sources */,
				61E1A8841CF028B000728D95 /* LocationCapability-OSX.swift in Sources */,
				61E1A8591CF0276100728D95 /* DelayOperation.swift in Sources */,
				61E1A8651CF0277900728D95 /* OperationErrors.swift in Sources */,
				61E1A86B1CF0278F00728D95 /* SilentCondition.swift in Sources */,
				61E1A8771CF027A400728D95 /* ReachabilityCondition.swift in Sources */,
				61E1A8911CF028E500728D95 /* NSLock+Operations.swift in Sources */,
				61E1A87A1CF0288400728D95 /* Capability.swift in Sources */,
				61E1A85F1CF0276C00728D95 /* BlockObserver.swift in Sources */,
			);
			runOnlyForDeploymentPostprocessing = 0;
		};
		61E1A8351CF026FE00728D95 /* Sources */ = {
			isa = PBXSourcesBuildPhase;
			buildActionMask = 2147483647;
			files = (
				61E1A87E1CF0288F00728D95 /* HealthCapability.swift in Sources */,
			);
			runOnlyForDeploymentPostprocessing = 0;
		};
		FD19C9CC1C440293005D0F07 /* Sources */ = {
			isa = PBXSourcesBuildPhase;
			buildActionMask = 2147483647;
			files = (
				FD19C9D51C440293005D0F07 /* ViewController.swift in Sources */,
				FD19C9D31C440293005D0F07 /* AppDelegate.swift in Sources */,
			);
			runOnlyForDeploymentPostprocessing = 0;
		};
		FD19C9DF1C440293005D0F07 /* Sources */ = {
			isa = PBXSourcesBuildPhase;
			buildActionMask = 2147483647;
			files = (
				FD19C9E81C440293005D0F07 /* PSOperationsAppForTestsTests.swift in Sources */,
			);
			runOnlyForDeploymentPostprocessing = 0;
		};
/* End PBXSourcesBuildPhase section */

/* Begin PBXTargetDependency section */
		1D9B431C1B6A92ED008F7F18 /* PBXTargetDependency */ = {
			isa = PBXTargetDependency;
			target = 1D9B430D1B6A92ED008F7F18 /* Operations-iOS */;
			targetProxy = 1D9B431B1B6A92ED008F7F18 /* PBXContainerItemProxy */;
		};
		FD19C9E51C440293005D0F07 /* PBXTargetDependency */ = {
			isa = PBXTargetDependency;
			target = FD19C9CF1C440293005D0F07 /* PSOperationsAppForTests */;
			targetProxy = FD19C9E41C440293005D0F07 /* PBXContainerItemProxy */;
		};
/* End PBXTargetDependency section */

/* Begin PBXVariantGroup section */
		FD19C9D61C440293005D0F07 /* Main.storyboard */ = {
			isa = PBXVariantGroup;
			children = (
				FD19C9D71C440293005D0F07 /* Base */,
			);
			name = Main.storyboard;
			sourceTree = "<group>";
		};
		FD19C9DB1C440293005D0F07 /* LaunchScreen.storyboard */ = {
			isa = PBXVariantGroup;
			children = (
				FD19C9DC1C440293005D0F07 /* Base */,
			);
			name = LaunchScreen.storyboard;
			sourceTree = "<group>";
		};
/* End PBXVariantGroup section */

/* Begin XCBuildConfiguration section */
		1D9B43221B6A92ED008F7F18 /* Debug */ = {
			isa = XCBuildConfiguration;
			buildSettings = {
				ALWAYS_SEARCH_USER_PATHS = NO;
				CLANG_CXX_LANGUAGE_STANDARD = "gnu++0x";
				CLANG_CXX_LIBRARY = "libc++";
				CLANG_ENABLE_MODULES = YES;
				CLANG_ENABLE_OBJC_ARC = YES;
				CLANG_WARN_BOOL_CONVERSION = YES;
				CLANG_WARN_CONSTANT_CONVERSION = YES;
				CLANG_WARN_DIRECT_OBJC_ISA_USAGE = YES_ERROR;
				CLANG_WARN_EMPTY_BODY = YES;
				CLANG_WARN_ENUM_CONVERSION = YES;
				CLANG_WARN_INT_CONVERSION = YES;
				CLANG_WARN_OBJC_ROOT_CLASS = YES_ERROR;
				CLANG_WARN_UNREACHABLE_CODE = YES;
				CLANG_WARN__DUPLICATE_METHOD_MATCH = YES;
				"CODE_SIGN_IDENTITY[sdk=iphoneos*]" = "iPhone Developer";
				COPY_PHASE_STRIP = NO;
				CURRENT_PROJECT_VERSION = 1;
				DEBUG_INFORMATION_FORMAT = "dwarf-with-dsym";
				ENABLE_STRICT_OBJC_MSGSEND = YES;
				ENABLE_TESTABILITY = YES;
				GCC_C_LANGUAGE_STANDARD = gnu99;
				GCC_DYNAMIC_NO_PIC = NO;
				GCC_NO_COMMON_BLOCKS = YES;
				GCC_OPTIMIZATION_LEVEL = 0;
				GCC_PREPROCESSOR_DEFINITIONS = (
					"DEBUG=1",
					"$(inherited)",
				);
				GCC_SYMBOLS_PRIVATE_EXTERN = NO;
				GCC_WARN_64_TO_32_BIT_CONVERSION = YES;
				GCC_WARN_ABOUT_RETURN_TYPE = YES_ERROR;
				GCC_WARN_UNDECLARED_SELECTOR = YES;
				GCC_WARN_UNINITIALIZED_AUTOS = YES_AGGRESSIVE;
				GCC_WARN_UNUSED_FUNCTION = YES;
				GCC_WARN_UNUSED_VARIABLE = YES;
				IPHONEOS_DEPLOYMENT_TARGET = 8.4;
				MTL_ENABLE_DEBUG_INFO = YES;
				ONLY_ACTIVE_ARCH = YES;
				SDKROOT = iphoneos;
				SWIFT_OPTIMIZATION_LEVEL = "-Onone";
				TARGETED_DEVICE_FAMILY = "1,2,3,4";
				VERSIONING_SYSTEM = "apple-generic";
				VERSION_INFO_PREFIX = "";
			};
			name = Debug;
		};
		1D9B43231B6A92ED008F7F18 /* Release */ = {
			isa = XCBuildConfiguration;
			buildSettings = {
				ALWAYS_SEARCH_USER_PATHS = NO;
				CLANG_CXX_LANGUAGE_STANDARD = "gnu++0x";
				CLANG_CXX_LIBRARY = "libc++";
				CLANG_ENABLE_MODULES = YES;
				CLANG_ENABLE_OBJC_ARC = YES;
				CLANG_WARN_BOOL_CONVERSION = YES;
				CLANG_WARN_CONSTANT_CONVERSION = YES;
				CLANG_WARN_DIRECT_OBJC_ISA_USAGE = YES_ERROR;
				CLANG_WARN_EMPTY_BODY = YES;
				CLANG_WARN_ENUM_CONVERSION = YES;
				CLANG_WARN_INT_CONVERSION = YES;
				CLANG_WARN_OBJC_ROOT_CLASS = YES_ERROR;
				CLANG_WARN_UNREACHABLE_CODE = YES;
				CLANG_WARN__DUPLICATE_METHOD_MATCH = YES;
				"CODE_SIGN_IDENTITY[sdk=iphoneos*]" = "iPhone Developer";
				COPY_PHASE_STRIP = NO;
				CURRENT_PROJECT_VERSION = 1;
				DEBUG_INFORMATION_FORMAT = "dwarf-with-dsym";
				ENABLE_NS_ASSERTIONS = NO;
				ENABLE_STRICT_OBJC_MSGSEND = YES;
				GCC_C_LANGUAGE_STANDARD = gnu99;
				GCC_NO_COMMON_BLOCKS = YES;
				GCC_WARN_64_TO_32_BIT_CONVERSION = YES;
				GCC_WARN_ABOUT_RETURN_TYPE = YES_ERROR;
				GCC_WARN_UNDECLARED_SELECTOR = YES;
				GCC_WARN_UNINITIALIZED_AUTOS = YES_AGGRESSIVE;
				GCC_WARN_UNUSED_FUNCTION = YES;
				GCC_WARN_UNUSED_VARIABLE = YES;
				IPHONEOS_DEPLOYMENT_TARGET = 8.4;
				MTL_ENABLE_DEBUG_INFO = NO;
				SDKROOT = iphoneos;
				TARGETED_DEVICE_FAMILY = "1,2,3,4";
				VALIDATE_PRODUCT = YES;
				VERSIONING_SYSTEM = "apple-generic";
				VERSION_INFO_PREFIX = "";
			};
			name = Release;
		};
		1D9B43251B6A92ED008F7F18 /* Debug */ = {
			isa = XCBuildConfiguration;
			buildSettings = {
				APPLICATION_EXTENSION_API_ONLY = YES;
				CLANG_ENABLE_MODULES = YES;
				DEFINES_MODULE = YES;
				DYLIB_COMPATIBILITY_VERSION = 1;
				DYLIB_CURRENT_VERSION = 1;
				DYLIB_INSTALL_NAME_BASE = "@rpath";
				INFOPLIST_FILE = Operations/Info.plist;
				INSTALL_PATH = "$(LOCAL_LIBRARY_DIR)/Frameworks";
				IPHONEOS_DEPLOYMENT_TARGET = 8.0;
				LD_RUNPATH_SEARCH_PATHS = "$(inherited) @executable_path/Frameworks @loader_path/Frameworks";
				PRODUCT_BUNDLE_IDENTIFIER = "com.benjaminkraus.Operations-iOS";
				PRODUCT_MODULE_NAME = Operations;
				PRODUCT_NAME = Operations;
				SKIP_INSTALL = YES;
				SUPPORTED_PLATFORMS = "iphonesimulator iphoneos";
				SWIFT_OPTIMIZATION_LEVEL = "-Onone";
				TARGETED_DEVICE_FAMILY = "1,2,3,4";
				TVOS_DEPLOYMENT_TARGET = 9.0;
			};
			name = Debug;
		};
		1D9B43261B6A92ED008F7F18 /* Release */ = {
			isa = XCBuildConfiguration;
			buildSettings = {
				APPLICATION_EXTENSION_API_ONLY = YES;
				CLANG_ENABLE_MODULES = YES;
				DEFINES_MODULE = YES;
				DYLIB_COMPATIBILITY_VERSION = 1;
				DYLIB_CURRENT_VERSION = 1;
				DYLIB_INSTALL_NAME_BASE = "@rpath";
				INFOPLIST_FILE = Operations/Info.plist;
				INSTALL_PATH = "$(LOCAL_LIBRARY_DIR)/Frameworks";
				IPHONEOS_DEPLOYMENT_TARGET = 8.0;
				LD_RUNPATH_SEARCH_PATHS = "$(inherited) @executable_path/Frameworks @loader_path/Frameworks";
				PRODUCT_BUNDLE_IDENTIFIER = "com.benjaminkraus.Operations-iOS";
				PRODUCT_MODULE_NAME = Operations;
				PRODUCT_NAME = Operations;
				SKIP_INSTALL = YES;
				SUPPORTED_PLATFORMS = "iphonesimulator iphoneos";
				TARGETED_DEVICE_FAMILY = "1,2,3,4";
				TVOS_DEPLOYMENT_TARGET = 9.0;
			};
			name = Release;
		};
		1D9B43281B6A92ED008F7F18 /* Debug */ = {
			isa = XCBuildConfiguration;
			buildSettings = {
				CLANG_ENABLE_MODULES = YES;
				INFOPLIST_FILE = PSOperationsTests/Info.plist;
				LD_RUNPATH_SEARCH_PATHS = "$(inherited) @executable_path/Frameworks @loader_path/Frameworks";
				PRODUCT_BUNDLE_IDENTIFIER = "com.pluralsight.$(PRODUCT_NAME:rfc1034identifier)";
				PRODUCT_NAME = "$(TARGET_NAME)";
				SUPPORTED_PLATFORMS = "iphonesimulator iphoneos appletvsimulator appletvos macosx watchsimulator watchos";
				SWIFT_OPTIMIZATION_LEVEL = "-Onone";
			};
			name = Debug;
		};
		1D9B43291B6A92ED008F7F18 /* Release */ = {
			isa = XCBuildConfiguration;
			buildSettings = {
				CLANG_ENABLE_MODULES = YES;
				INFOPLIST_FILE = PSOperationsTests/Info.plist;
				LD_RUNPATH_SEARCH_PATHS = "$(inherited) @executable_path/Frameworks @loader_path/Frameworks";
				PRODUCT_BUNDLE_IDENTIFIER = "com.pluralsight.$(PRODUCT_NAME:rfc1034identifier)";
				PRODUCT_NAME = "$(TARGET_NAME)";
				SUPPORTED_PLATFORMS = "iphonesimulator iphoneos appletvsimulator appletvos macosx watchsimulator watchos";
			};
			name = Release;
		};
		61E1A7C31CEEE06000728D95 /* Debug */ = {
			isa = XCBuildConfiguration;
			buildSettings = {
				CLANG_ANALYZER_NONNULL = YES;
				DEBUG_INFORMATION_FORMAT = dwarf;
				DEFINES_MODULE = YES;
				DYLIB_COMPATIBILITY_VERSION = 1;
				DYLIB_CURRENT_VERSION = 1;
				DYLIB_INSTALL_NAME_BASE = "@rpath";
				INFOPLIST_FILE = "Operations/OperationsHealthExtras-Info.plist";
				INSTALL_PATH = "$(LOCAL_LIBRARY_DIR)/Frameworks";
				IPHONEOS_DEPLOYMENT_TARGET = 9.3;
				LD_RUNPATH_SEARCH_PATHS = "$(inherited) @executable_path/Frameworks @loader_path/Frameworks";
				PRODUCT_BUNDLE_IDENTIFIER = com.benjaminkraus.OperationsHealthExtras;
				PRODUCT_NAME = OperationsHealthExtras;
				SKIP_INSTALL = YES;
				TARGETED_DEVICE_FAMILY = "1,2";
			};
			name = Debug;
		};
		61E1A7C41CEEE06000728D95 /* Release */ = {
			isa = XCBuildConfiguration;
			buildSettings = {
				CLANG_ANALYZER_NONNULL = YES;
				DEFINES_MODULE = YES;
				DYLIB_COMPATIBILITY_VERSION = 1;
				DYLIB_CURRENT_VERSION = 1;
				DYLIB_INSTALL_NAME_BASE = "@rpath";
				INFOPLIST_FILE = "Operations/OperationsHealthExtras-Info.plist";
				INSTALL_PATH = "$(LOCAL_LIBRARY_DIR)/Frameworks";
				IPHONEOS_DEPLOYMENT_TARGET = 9.3;
				LD_RUNPATH_SEARCH_PATHS = "$(inherited) @executable_path/Frameworks @loader_path/Frameworks";
				PRODUCT_BUNDLE_IDENTIFIER = com.benjaminkraus.OperationsHealthExtras;
				PRODUCT_NAME = OperationsHealthExtras;
				SKIP_INSTALL = YES;
				TARGETED_DEVICE_FAMILY = "1,2";
			};
			name = Release;
		};
		61E1A7D01CEEE07B00728D95 /* Debug */ = {
			isa = XCBuildConfiguration;
			buildSettings = {
				CLANG_ANALYZER_NONNULL = YES;
				DEBUG_INFORMATION_FORMAT = dwarf;
				DEFINES_MODULE = YES;
				DYLIB_COMPATIBILITY_VERSION = 1;
				DYLIB_CURRENT_VERSION = 1;
				DYLIB_INSTALL_NAME_BASE = "@rpath";
				INFOPLIST_FILE = "Operations/OperationsPassbookExtras-Info.plist";
				INSTALL_PATH = "$(LOCAL_LIBRARY_DIR)/Frameworks";
				IPHONEOS_DEPLOYMENT_TARGET = 9.3;
				LD_RUNPATH_SEARCH_PATHS = "$(inherited) @executable_path/Frameworks @loader_path/Frameworks";
				PRODUCT_BUNDLE_IDENTIFIER = com.benjaminkraus.OperationsPassbookExtras;
				PRODUCT_NAME = "$(TARGET_NAME)";
				SKIP_INSTALL = YES;
				TARGETED_DEVICE_FAMILY = "1,2";
			};
			name = Debug;
		};
		61E1A7D11CEEE07B00728D95 /* Release */ = {
			isa = XCBuildConfiguration;
			buildSettings = {
				CLANG_ANALYZER_NONNULL = YES;
				DEFINES_MODULE = YES;
				DYLIB_COMPATIBILITY_VERSION = 1;
				DYLIB_CURRENT_VERSION = 1;
				DYLIB_INSTALL_NAME_BASE = "@rpath";
				INFOPLIST_FILE = "Operations/OperationsPassbookExtras-Info.plist";
				INSTALL_PATH = "$(LOCAL_LIBRARY_DIR)/Frameworks";
				IPHONEOS_DEPLOYMENT_TARGET = 9.3;
				LD_RUNPATH_SEARCH_PATHS = "$(inherited) @executable_path/Frameworks @loader_path/Frameworks";
				PRODUCT_BUNDLE_IDENTIFIER = com.benjaminkraus.OperationsPassbookExtras;
				PRODUCT_NAME = "$(TARGET_NAME)";
				SKIP_INSTALL = YES;
				TARGETED_DEVICE_FAMILY = "1,2";
			};
			name = Release;
		};
		61E1A8191CF026C000728D95 /* Debug */ = {
			isa = XCBuildConfiguration;
			buildSettings = {
				CLANG_ANALYZER_NONNULL = YES;
				DEBUG_INFORMATION_FORMAT = dwarf;
				DEFINES_MODULE = YES;
				DYLIB_COMPATIBILITY_VERSION = 1;
				DYLIB_CURRENT_VERSION = 1;
				DYLIB_INSTALL_NAME_BASE = "@rpath";
				INFOPLIST_FILE = Operations/Info.plist;
				INSTALL_PATH = "$(LOCAL_LIBRARY_DIR)/Frameworks";
				LD_RUNPATH_SEARCH_PATHS = "$(inherited) @executable_path/Frameworks @loader_path/Frameworks";
				PRODUCT_BUNDLE_IDENTIFIER = "com.benjaminkraus.Operations-tvOS";
				PRODUCT_NAME = Operations;
				SDKROOT = appletvos;
				SKIP_INSTALL = YES;
				TARGETED_DEVICE_FAMILY = 3;
				TVOS_DEPLOYMENT_TARGET = 9.2;
			};
			name = Debug;
		};
		61E1A81A1CF026C000728D95 /* Release */ = {
			isa = XCBuildConfiguration;
			buildSettings = {
				CLANG_ANALYZER_NONNULL = YES;
				DEFINES_MODULE = YES;
				DYLIB_COMPATIBILITY_VERSION = 1;
				DYLIB_CURRENT_VERSION = 1;
				DYLIB_INSTALL_NAME_BASE = "@rpath";
				INFOPLIST_FILE = Operations/Info.plist;
				INSTALL_PATH = "$(LOCAL_LIBRARY_DIR)/Frameworks";
				LD_RUNPATH_SEARCH_PATHS = "$(inherited) @executable_path/Frameworks @loader_path/Frameworks";
				PRODUCT_BUNDLE_IDENTIFIER = "com.benjaminkraus.Operations-tvOS";
				PRODUCT_NAME = Operations;
				SDKROOT = appletvos;
				SKIP_INSTALL = YES;
				TARGETED_DEVICE_FAMILY = 3;
				TVOS_DEPLOYMENT_TARGET = 9.2;
			};
			name = Release;
		};
		61E1A8261CF026CF00728D95 /* Debug */ = {
			isa = XCBuildConfiguration;
			buildSettings = {
				APPLICATION_EXTENSION_API_ONLY = YES;
				CLANG_ANALYZER_NONNULL = YES;
				DEBUG_INFORMATION_FORMAT = dwarf;
				DEFINES_MODULE = YES;
				DYLIB_COMPATIBILITY_VERSION = 1;
				DYLIB_CURRENT_VERSION = 1;
				DYLIB_INSTALL_NAME_BASE = "@rpath";
				INFOPLIST_FILE = Operations/Info.plist;
				INSTALL_PATH = "$(LOCAL_LIBRARY_DIR)/Frameworks";
				LD_RUNPATH_SEARCH_PATHS = "$(inherited) @executable_path/Frameworks @loader_path/Frameworks";
				PRODUCT_BUNDLE_IDENTIFIER = "com.benjaminkraus.Operations-watchOS";
				PRODUCT_NAME = Operations;
				SDKROOT = watchos;
				SKIP_INSTALL = YES;
				TARGETED_DEVICE_FAMILY = 4;
				WATCHOS_DEPLOYMENT_TARGET = 2.2;
			};
			name = Debug;
		};
		61E1A8271CF026CF00728D95 /* Release */ = {
			isa = XCBuildConfiguration;
			buildSettings = {
				APPLICATION_EXTENSION_API_ONLY = YES;
				CLANG_ANALYZER_NONNULL = YES;
				DEFINES_MODULE = YES;
				DYLIB_COMPATIBILITY_VERSION = 1;
				DYLIB_CURRENT_VERSION = 1;
				DYLIB_INSTALL_NAME_BASE = "@rpath";
				INFOPLIST_FILE = Operations/Info.plist;
				INSTALL_PATH = "$(LOCAL_LIBRARY_DIR)/Frameworks";
				LD_RUNPATH_SEARCH_PATHS = "$(inherited) @executable_path/Frameworks @loader_path/Frameworks";
				PRODUCT_BUNDLE_IDENTIFIER = "com.benjaminkraus.Operations-watchOS";
				PRODUCT_NAME = Operations;
				SDKROOT = watchos;
				SKIP_INSTALL = YES;
				TARGETED_DEVICE_FAMILY = 4;
				WATCHOS_DEPLOYMENT_TARGET = 2.2;
			};
			name = Release;
		};
		61E1A8331CF026E200728D95 /* Debug */ = {
			isa = XCBuildConfiguration;
			buildSettings = {
				CLANG_ANALYZER_NONNULL = YES;
				CODE_SIGN_IDENTITY = "-";
				COMBINE_HIDPI_IMAGES = YES;
				DEBUG_INFORMATION_FORMAT = dwarf;
				DEFINES_MODULE = YES;
				DYLIB_COMPATIBILITY_VERSION = 1;
				DYLIB_CURRENT_VERSION = 1;
				DYLIB_INSTALL_NAME_BASE = "@rpath";
				FRAMEWORK_VERSION = A;
				INFOPLIST_FILE = Operations/Info.plist;
				INSTALL_PATH = "$(LOCAL_LIBRARY_DIR)/Frameworks";
				LD_RUNPATH_SEARCH_PATHS = "$(inherited) @executable_path/../Frameworks @loader_path/Frameworks";
				MACOSX_DEPLOYMENT_TARGET = 10.11;
				PRODUCT_BUNDLE_IDENTIFIER = "com.benjaminkraus.Operations-macOS";
				PRODUCT_NAME = Operations;
				SDKROOT = macosx;
				SKIP_INSTALL = YES;
			};
			name = Debug;
		};
		61E1A8341CF026E200728D95 /* Release */ = {
			isa = XCBuildConfiguration;
			buildSettings = {
				CLANG_ANALYZER_NONNULL = YES;
				CODE_SIGN_IDENTITY = "-";
				COMBINE_HIDPI_IMAGES = YES;
				DEFINES_MODULE = YES;
				DYLIB_COMPATIBILITY_VERSION = 1;
				DYLIB_CURRENT_VERSION = 1;
				DYLIB_INSTALL_NAME_BASE = "@rpath";
				FRAMEWORK_VERSION = A;
				INFOPLIST_FILE = Operations/Info.plist;
				INSTALL_PATH = "$(LOCAL_LIBRARY_DIR)/Frameworks";
				LD_RUNPATH_SEARCH_PATHS = "$(inherited) @executable_path/../Frameworks @loader_path/Frameworks";
				MACOSX_DEPLOYMENT_TARGET = 10.11;
				PRODUCT_BUNDLE_IDENTIFIER = "com.benjaminkraus.Operations-macOS";
				PRODUCT_NAME = Operations;
				SDKROOT = macosx;
				SKIP_INSTALL = YES;
			};
			name = Release;
		};
		61E1A8401CF026FE00728D95 /* Debug */ = {
			isa = XCBuildConfiguration;
			buildSettings = {
				APPLICATION_EXTENSION_API_ONLY = YES;
				CLANG_ANALYZER_NONNULL = YES;
				DEBUG_INFORMATION_FORMAT = dwarf;
				DEFINES_MODULE = YES;
				DYLIB_COMPATIBILITY_VERSION = 1;
				DYLIB_CURRENT_VERSION = 1;
				DYLIB_INSTALL_NAME_BASE = "@rpath";
				INFOPLIST_FILE = "Operations/OperationsHealthExtras-Info.plist";
				INSTALL_PATH = "$(LOCAL_LIBRARY_DIR)/Frameworks";
				LD_RUNPATH_SEARCH_PATHS = "$(inherited) @executable_path/Frameworks @loader_path/Frameworks";
				PRODUCT_BUNDLE_IDENTIFIER = "com.benjaminkraus.OperationsHealthExtras-watchOS";
				PRODUCT_NAME = OperationsHealthExtras;
				SDKROOT = watchos;
				SKIP_INSTALL = YES;
				TARGETED_DEVICE_FAMILY = 4;
				WATCHOS_DEPLOYMENT_TARGET = 2.2;
			};
			name = Debug;
		};
		61E1A8411CF026FE00728D95 /* Release */ = {
			isa = XCBuildConfiguration;
			buildSettings = {
				APPLICATION_EXTENSION_API_ONLY = YES;
				CLANG_ANALYZER_NONNULL = YES;
				DEFINES_MODULE = YES;
				DYLIB_COMPATIBILITY_VERSION = 1;
				DYLIB_CURRENT_VERSION = 1;
				DYLIB_INSTALL_NAME_BASE = "@rpath";
				INFOPLIST_FILE = "Operations/OperationsHealthExtras-Info.plist";
				INSTALL_PATH = "$(LOCAL_LIBRARY_DIR)/Frameworks";
				LD_RUNPATH_SEARCH_PATHS = "$(inherited) @executable_path/Frameworks @loader_path/Frameworks";
				PRODUCT_BUNDLE_IDENTIFIER = "com.benjaminkraus.OperationsHealthExtras-watchOS";
				PRODUCT_NAME = OperationsHealthExtras;
				SDKROOT = watchos;
				SKIP_INSTALL = YES;
				TARGETED_DEVICE_FAMILY = 4;
				WATCHOS_DEPLOYMENT_TARGET = 2.2;
			};
			name = Release;
		};
		FD19C9EB1C440293005D0F07 /* Debug */ = {
			isa = XCBuildConfiguration;
			buildSettings = {
				ASSETCATALOG_COMPILER_APPICON_NAME = AppIcon;
				DEBUG_INFORMATION_FORMAT = dwarf;
				INFOPLIST_FILE = PSOperationsAppForTests/Info.plist;
				IPHONEOS_DEPLOYMENT_TARGET = 9.0;
				LD_RUNPATH_SEARCH_PATHS = "$(inherited) @executable_path/Frameworks";
				PRODUCT_BUNDLE_IDENTIFIER = com.pluralsight.PSOperationsAppForTests;
				PRODUCT_NAME = "$(TARGET_NAME)";
				TARGETED_DEVICE_FAMILY = "1,2";
			};
			name = Debug;
		};
		FD19C9EC1C440293005D0F07 /* Release */ = {
			isa = XCBuildConfiguration;
			buildSettings = {
				ASSETCATALOG_COMPILER_APPICON_NAME = AppIcon;
				INFOPLIST_FILE = PSOperationsAppForTests/Info.plist;
				IPHONEOS_DEPLOYMENT_TARGET = 9.0;
				LD_RUNPATH_SEARCH_PATHS = "$(inherited) @executable_path/Frameworks";
				PRODUCT_BUNDLE_IDENTIFIER = com.pluralsight.PSOperationsAppForTests;
				PRODUCT_NAME = "$(TARGET_NAME)";
				TARGETED_DEVICE_FAMILY = "1,2";
			};
			name = Release;
		};
		FD19C9EE1C440293005D0F07 /* Debug */ = {
			isa = XCBuildConfiguration;
			buildSettings = {
				BUNDLE_LOADER = "$(TEST_HOST)";
				DEBUG_INFORMATION_FORMAT = dwarf;
				INFOPLIST_FILE = PSOperationsAppForTestsTests/Info.plist;
				IPHONEOS_DEPLOYMENT_TARGET = 9.2;
				LD_RUNPATH_SEARCH_PATHS = "$(inherited) @executable_path/Frameworks @loader_path/Frameworks";
				PRODUCT_BUNDLE_IDENTIFIER = com.pluralsight.PSOperationsAppForTestsTests;
				PRODUCT_NAME = "$(TARGET_NAME)";
				SDKROOT = appletvos;
				TEST_HOST = "$(BUILT_PRODUCTS_DIR)/PSOperationsAppForTests.app/PSOperationsAppForTests";
			};
			name = Debug;
		};
		FD19C9EF1C440293005D0F07 /* Release */ = {
			isa = XCBuildConfiguration;
			buildSettings = {
				BUNDLE_LOADER = "$(TEST_HOST)";
				INFOPLIST_FILE = PSOperationsAppForTestsTests/Info.plist;
				IPHONEOS_DEPLOYMENT_TARGET = 9.2;
				LD_RUNPATH_SEARCH_PATHS = "$(inherited) @executable_path/Frameworks @loader_path/Frameworks";
				PRODUCT_BUNDLE_IDENTIFIER = com.pluralsight.PSOperationsAppForTestsTests;
				PRODUCT_NAME = "$(TARGET_NAME)";
				SDKROOT = appletvos;
				TEST_HOST = "$(BUILT_PRODUCTS_DIR)/PSOperationsAppForTests.app/PSOperationsAppForTests";
			};
			name = Release;
		};
/* End XCBuildConfiguration section */

/* Begin XCConfigurationList section */
		1D9B43081B6A92ED008F7F18 /* Build configuration list for PBXProject "Operations" */ = {
			isa = XCConfigurationList;
			buildConfigurations = (
				1D9B43221B6A92ED008F7F18 /* Debug */,
				1D9B43231B6A92ED008F7F18 /* Release */,
			);
			defaultConfigurationIsVisible = 0;
			defaultConfigurationName = Release;
		};
		1D9B43241B6A92ED008F7F18 /* Build configuration list for PBXNativeTarget "Operations-iOS" */ = {
			isa = XCConfigurationList;
			buildConfigurations = (
				1D9B43251B6A92ED008F7F18 /* Debug */,
				1D9B43261B6A92ED008F7F18 /* Release */,
			);
			defaultConfigurationIsVisible = 0;
			defaultConfigurationName = Release;
		};
		1D9B43271B6A92ED008F7F18 /* Build configuration list for PBXNativeTarget "PSOperationsTests" */ = {
			isa = XCConfigurationList;
			buildConfigurations = (
				1D9B43281B6A92ED008F7F18 /* Debug */,
				1D9B43291B6A92ED008F7F18 /* Release */,
			);
			defaultConfigurationIsVisible = 0;
			defaultConfigurationName = Release;
		};
		61E1A7C21CEEE06000728D95 /* Build configuration list for PBXNativeTarget "OperationsHealthExtras-iOS" */ = {
			isa = XCConfigurationList;
			buildConfigurations = (
				61E1A7C31CEEE06000728D95 /* Debug */,
				61E1A7C41CEEE06000728D95 /* Release */,
			);
			defaultConfigurationIsVisible = 0;
			defaultConfigurationName = Release;
		};
		61E1A7CF1CEEE07B00728D95 /* Build configuration list for PBXNativeTarget "OperationsPassbookExtras" */ = {
			isa = XCConfigurationList;
			buildConfigurations = (
				61E1A7D01CEEE07B00728D95 /* Debug */,
				61E1A7D11CEEE07B00728D95 /* Release */,
			);
			defaultConfigurationIsVisible = 0;
			defaultConfigurationName = Release;
		};
		61E1A8181CF026C000728D95 /* Build configuration list for PBXNativeTarget "Operations-tvOS" */ = {
			isa = XCConfigurationList;
			buildConfigurations = (
				61E1A8191CF026C000728D95 /* Debug */,
				61E1A81A1CF026C000728D95 /* Release */,
			);
			defaultConfigurationIsVisible = 0;
		};
		61E1A8251CF026CF00728D95 /* Build configuration list for PBXNativeTarget "Operations-watchOS" */ = {
			isa = XCConfigurationList;
			buildConfigurations = (
				61E1A8261CF026CF00728D95 /* Debug */,
				61E1A8271CF026CF00728D95 /* Release */,
			);
			defaultConfigurationIsVisible = 0;
		};
		61E1A8321CF026E200728D95 /* Build configuration list for PBXNativeTarget "Operations-macOS" */ = {
			isa = XCConfigurationList;
			buildConfigurations = (
				61E1A8331CF026E200728D95 /* Debug */,
				61E1A8341CF026E200728D95 /* Release */,
			);
			defaultConfigurationIsVisible = 0;
		};
		61E1A83F1CF026FE00728D95 /* Build configuration list for PBXNativeTarget "OperationsHealthExtras-watchOS" */ = {
			isa = XCConfigurationList;
			buildConfigurations = (
				61E1A8401CF026FE00728D95 /* Debug */,
				61E1A8411CF026FE00728D95 /* Release */,
			);
			defaultConfigurationIsVisible = 0;
		};
		FD19C9EA1C440293005D0F07 /* Build configuration list for PBXNativeTarget "PSOperationsAppForTests" */ = {
			isa = XCConfigurationList;
			buildConfigurations = (
				FD19C9EB1C440293005D0F07 /* Debug */,
				FD19C9EC1C440293005D0F07 /* Release */,
			);
			defaultConfigurationIsVisible = 0;
			defaultConfigurationName = Release;
		};
		FD19C9ED1C440293005D0F07 /* Build configuration list for PBXNativeTarget "PSOperationsAppForTestsTests" */ = {
			isa = XCConfigurationList;
			buildConfigurations = (
				FD19C9EE1C440293005D0F07 /* Debug */,
				FD19C9EF1C440293005D0F07 /* Release */,
			);
			defaultConfigurationIsVisible = 0;
			defaultConfigurationName = Release;
		};
/* End XCConfigurationList section */
	};
	rootObject = 1D9B43051B6A92ED008F7F18 /* Project object */;
}
